// !$*UTF8*$!
{
	archiveVersion = 1;
	classes = {
	};
	objectVersion = 56;
	objects = {

/* Begin PBXBuildFile section */
		32517E192913CAE7005E0F69 /* RelayMainViewController.swift in Sources */ = {isa = PBXBuildFile; fileRef = 32517E182913CAE7005E0F69 /* RelayMainViewController.swift */; };
		32517E3F2913E23F005E0F69 /* PageAnimationView.swift in Sources */ = {isa = PBXBuildFile; fileRef = 32517E3E2913E23F005E0F69 /* PageAnimationView.swift */; };
		32517E422913E25C005E0F69 /* SwiftUIPager in Frameworks */ = {isa = PBXBuildFile; productRef = 32517E412913E25C005E0F69 /* SwiftUIPager */; };
		3265BA2A290925DD00532CA4 /* AppDelegate.swift in Sources */ = {isa = PBXBuildFile; fileRef = 3265BA29290925DD00532CA4 /* AppDelegate.swift */; };
		3265BA2C290925DD00532CA4 /* SceneDelegate.swift in Sources */ = {isa = PBXBuildFile; fileRef = 3265BA2B290925DD00532CA4 /* SceneDelegate.swift */; };
		3265BA2E290925DD00532CA4 /* ViewController.swift in Sources */ = {isa = PBXBuildFile; fileRef = 3265BA2D290925DD00532CA4 /* ViewController.swift */; };
		3265BA33290925DE00532CA4 /* Assets.xcassets in Resources */ = {isa = PBXBuildFile; fileRef = 3265BA32290925DE00532CA4 /* Assets.xcassets */; };
		3265BA36290925DE00532CA4 /* LaunchScreen.storyboard in Resources */ = {isa = PBXBuildFile; fileRef = 3265BA34290925DE00532CA4 /* LaunchScreen.storyboard */; };
		329918A0290A5D8800372C13 /* RelayLoginViewController.swift in Sources */ = {isa = PBXBuildFile; fileRef = 3299189F290A5D8800372C13 /* RelayLoginViewController.swift */; };
		32DA1B7F29123F7500C6FDC1 /* DetailViewController.swift in Sources */ = {isa = PBXBuildFile; fileRef = 32DA1B7E29123F7500C6FDC1 /* DetailViewController.swift */; };
		32F83527290FECC300E2CC4A /* ChangwonDangamAsac-Bold_0712.otf in Resources */ = {isa = PBXBuildFile; fileRef = 32F83526290FECC300E2CC4A /* ChangwonDangamAsac-Bold_0712.otf */; };
		32F835362911008400E2CC4A /* Extension+UIButton.swift in Sources */ = {isa = PBXBuildFile; fileRef = 32F835352911008400E2CC4A /* Extension+UIButton.swift */; };
		32F8354029114F0E00E2CC4A /* RelayAgreementViewController.swift in Sources */ = {isa = PBXBuildFile; fileRef = 32F8353F29114F0E00E2CC4A /* RelayAgreementViewController.swift */; };
		32F835422911571B00E2CC4A /* Extension+UIImage.swift in Sources */ = {isa = PBXBuildFile; fileRef = 32F835412911571B00E2CC4A /* Extension+UIImage.swift */; };
		556F3091290F9A09005D7AF4 /* RelayNonLoginView.swift in Sources */ = {isa = PBXBuildFile; fileRef = 556F3090290F9A09005D7AF4 /* RelayNonLoginView.swift */; };
		556F3093290FA59A005D7AF4 /* Extension+UILabel.swift in Sources */ = {isa = PBXBuildFile; fileRef = 556F3092290FA59A005D7AF4 /* Extension+UILabel.swift */; };
		556F309729102F83005D7AF4 /* RelayListView.swift in Sources */ = {isa = PBXBuildFile; fileRef = 556F309629102F83005D7AF4 /* RelayListView.swift */; };
		556F309929103676005D7AF4 /* RelayListHeaderView.swift in Sources */ = {isa = PBXBuildFile; fileRef = 556F309829103676005D7AF4 /* RelayListHeaderView.swift */; };
		556F309B29117E1F005D7AF4 /* RelayListCollectionViewCell.swift in Sources */ = {isa = PBXBuildFile; fileRef = 556F309A29117E1F005D7AF4 /* RelayListCollectionViewCell.swift */; };
		556F309D29118823005D7AF4 /* BasePaddingLabel.swift in Sources */ = {isa = PBXBuildFile; fileRef = 556F309C29118823005D7AF4 /* BasePaddingLabel.swift */; };
		55867E0C29123C8500C79FFC /* Extension+CALayer.swift in Sources */ = {isa = PBXBuildFile; fileRef = 55867E0B29123C8500C79FFC /* Extension+CALayer.swift */; };
		55867E152912B7DA00C79FFC /* Extension+UIColor.swift in Sources */ = {isa = PBXBuildFile; fileRef = 55867E142912B7DA00C79FFC /* Extension+UIColor.swift */; };
		55FDCEAF290A5667000AB345 /* SnapKit in Frameworks */ = {isa = PBXBuildFile; productRef = 55FDCEAE290A5667000AB345 /* SnapKit */; };
		55FDCEB1290A5DB2000AB345 /* RelayProfileViewController.swift in Sources */ = {isa = PBXBuildFile; fileRef = 55FDCEB0290A5DB2000AB345 /* RelayProfileViewController.swift */; };
		55FDCEB3290A6440000AB345 /* RelayProfileUserInfoView.swift in Sources */ = {isa = PBXBuildFile; fileRef = 55FDCEB2290A6440000AB345 /* RelayProfileUserInfoView.swift */; };
		55FDCEB5290A711C000AB345 /* RelayProfileUserActivityView.swift in Sources */ = {isa = PBXBuildFile; fileRef = 55FDCEB4290A711C000AB345 /* RelayProfileUserActivityView.swift */; };
		55FDCEB7290ABB0C000AB345 /* RelayUserActivityCollectionViewCell.swift in Sources */ = {isa = PBXBuildFile; fileRef = 55FDCEB6290ABB0C000AB345 /* RelayUserActivityCollectionViewCell.swift */; };
/* End PBXBuildFile section */

/* Begin PBXFileReference section */
		32308E43290F983E0012B5A2 /* Relay.entitlements */ = {isa = PBXFileReference; lastKnownFileType = text.plist.entitlements; path = Relay.entitlements; sourceTree = "<group>"; };
		32517E182913CAE7005E0F69 /* RelayMainViewController.swift */ = {isa = PBXFileReference; lastKnownFileType = sourcecode.swift; path = RelayMainViewController.swift; sourceTree = "<group>"; };
		32517E3E2913E23F005E0F69 /* PageAnimationView.swift */ = {isa = PBXFileReference; lastKnownFileType = sourcecode.swift; path = PageAnimationView.swift; sourceTree = "<group>"; };
		3265BA26290925DD00532CA4 /* Relay.app */ = {isa = PBXFileReference; explicitFileType = wrapper.application; includeInIndex = 0; path = Relay.app; sourceTree = BUILT_PRODUCTS_DIR; };
		3265BA29290925DD00532CA4 /* AppDelegate.swift */ = {isa = PBXFileReference; lastKnownFileType = sourcecode.swift; path = AppDelegate.swift; sourceTree = "<group>"; };
		3265BA2B290925DD00532CA4 /* SceneDelegate.swift */ = {isa = PBXFileReference; lastKnownFileType = sourcecode.swift; path = SceneDelegate.swift; sourceTree = "<group>"; };
		3265BA2D290925DD00532CA4 /* ViewController.swift */ = {isa = PBXFileReference; lastKnownFileType = sourcecode.swift; path = ViewController.swift; sourceTree = "<group>"; };
		3265BA32290925DE00532CA4 /* Assets.xcassets */ = {isa = PBXFileReference; lastKnownFileType = folder.assetcatalog; path = Assets.xcassets; sourceTree = "<group>"; };
		3265BA35290925DE00532CA4 /* Base */ = {isa = PBXFileReference; lastKnownFileType = file.storyboard; name = Base; path = Base.lproj/LaunchScreen.storyboard; sourceTree = "<group>"; };
		3265BA37290925DE00532CA4 /* Info.plist */ = {isa = PBXFileReference; lastKnownFileType = text.plist.xml; path = Info.plist; sourceTree = "<group>"; };
		3299189F290A5D8800372C13 /* RelayLoginViewController.swift */ = {isa = PBXFileReference; lastKnownFileType = sourcecode.swift; path = RelayLoginViewController.swift; sourceTree = "<group>"; };
		32DA1B7E29123F7500C6FDC1 /* DetailViewController.swift */ = {isa = PBXFileReference; lastKnownFileType = sourcecode.swift; path = DetailViewController.swift; sourceTree = "<group>"; };
		32F83526290FECC300E2CC4A /* ChangwonDangamAsac-Bold_0712.otf */ = {isa = PBXFileReference; lastKnownFileType = file; path = "ChangwonDangamAsac-Bold_0712.otf"; sourceTree = "<group>"; };
		32F835352911008400E2CC4A /* Extension+UIButton.swift */ = {isa = PBXFileReference; lastKnownFileType = sourcecode.swift; path = "Extension+UIButton.swift"; sourceTree = "<group>"; };
		32F8353F29114F0E00E2CC4A /* RelayAgreementViewController.swift */ = {isa = PBXFileReference; lastKnownFileType = sourcecode.swift; path = RelayAgreementViewController.swift; sourceTree = "<group>"; };
		32F835412911571B00E2CC4A /* Extension+UIImage.swift */ = {isa = PBXFileReference; lastKnownFileType = sourcecode.swift; path = "Extension+UIImage.swift"; sourceTree = "<group>"; };
		556F3090290F9A09005D7AF4 /* RelayNonLoginView.swift */ = {isa = PBXFileReference; lastKnownFileType = sourcecode.swift; path = RelayNonLoginView.swift; sourceTree = "<group>"; };
		556F3092290FA59A005D7AF4 /* Extension+UILabel.swift */ = {isa = PBXFileReference; lastKnownFileType = sourcecode.swift; path = "Extension+UILabel.swift"; sourceTree = "<group>"; };
		556F309629102F83005D7AF4 /* RelayListView.swift */ = {isa = PBXFileReference; lastKnownFileType = sourcecode.swift; path = RelayListView.swift; sourceTree = "<group>"; };
		556F309829103676005D7AF4 /* RelayListHeaderView.swift */ = {isa = PBXFileReference; lastKnownFileType = sourcecode.swift; path = RelayListHeaderView.swift; sourceTree = "<group>"; };
		556F309A29117E1F005D7AF4 /* RelayListCollectionViewCell.swift */ = {isa = PBXFileReference; lastKnownFileType = sourcecode.swift; path = RelayListCollectionViewCell.swift; sourceTree = "<group>"; };
		556F309C29118823005D7AF4 /* BasePaddingLabel.swift */ = {isa = PBXFileReference; lastKnownFileType = sourcecode.swift; path = BasePaddingLabel.swift; sourceTree = "<group>"; };
		55867E0B29123C8500C79FFC /* Extension+CALayer.swift */ = {isa = PBXFileReference; lastKnownFileType = sourcecode.swift; path = "Extension+CALayer.swift"; sourceTree = "<group>"; };
		55867E142912B7DA00C79FFC /* Extension+UIColor.swift */ = {isa = PBXFileReference; lastKnownFileType = sourcecode.swift; path = "Extension+UIColor.swift"; sourceTree = "<group>"; };
		55FDCEB0290A5DB2000AB345 /* RelayProfileViewController.swift */ = {isa = PBXFileReference; lastKnownFileType = sourcecode.swift; path = RelayProfileViewController.swift; sourceTree = "<group>"; };
		55FDCEB2290A6440000AB345 /* RelayProfileUserInfoView.swift */ = {isa = PBXFileReference; lastKnownFileType = sourcecode.swift; path = RelayProfileUserInfoView.swift; sourceTree = "<group>"; };
		55FDCEB4290A711C000AB345 /* RelayProfileUserActivityView.swift */ = {isa = PBXFileReference; lastKnownFileType = sourcecode.swift; path = RelayProfileUserActivityView.swift; sourceTree = "<group>"; };
		55FDCEB6290ABB0C000AB345 /* RelayUserActivityCollectionViewCell.swift */ = {isa = PBXFileReference; lastKnownFileType = sourcecode.swift; path = RelayUserActivityCollectionViewCell.swift; sourceTree = "<group>"; };
/* End PBXFileReference section */

/* Begin PBXFrameworksBuildPhase section */
		3265BA23290925DD00532CA4 /* Frameworks */ = {
			isa = PBXFrameworksBuildPhase;
			buildActionMask = 2147483647;
			files = (
				32517E422913E25C005E0F69 /* SwiftUIPager in Frameworks */,
				55FDCEAF290A5667000AB345 /* SnapKit in Frameworks */,
			);
			runOnlyForDeploymentPostprocessing = 0;
		};
/* End PBXFrameworksBuildPhase section */

/* Begin PBXGroup section */
		32517E152913CAC5005E0F69 /* MainView */ = {
			isa = PBXGroup;
			children = (
				32517E3D2913E220005E0F69 /* Views */,
				32517E182913CAE7005E0F69 /* RelayMainViewController.swift */,
			);
			path = MainView;
			sourceTree = "<group>";
		};
		32517E3D2913E220005E0F69 /* Views */ = {
			isa = PBXGroup;
			children = (
				32517E3E2913E23F005E0F69 /* PageAnimationView.swift */,
			);
			path = Views;
			sourceTree = "<group>";
		};
		3265BA1D290925DD00532CA4 = {
			isa = PBXGroup;
			children = (
				3265BA28290925DD00532CA4 /* Relay */,
				3265BA27290925DD00532CA4 /* Products */,
				55FDCEAB290A55FF000AB345 /* Frameworks */,
			);
			sourceTree = "<group>";
		};
		3265BA27290925DD00532CA4 /* Products */ = {
			isa = PBXGroup;
			children = (
				3265BA26290925DD00532CA4 /* Relay.app */,
			);
			name = Products;
			sourceTree = "<group>";
		};
		3265BA28290925DD00532CA4 /* Relay */ = {
			isa = PBXGroup;
			children = (
				32517E152913CAC5005E0F69 /* MainView */,
				32F8353729113F4500E2CC4A /* AgreementView */,
				32F83525290FECB700E2CC4A /* Font */,
				32308E43290F983E0012B5A2 /* Relay.entitlements */,
				3299189B290A5C8500372C13 /* Login */,
				3265BA29290925DD00532CA4 /* AppDelegate.swift */,
				32F835352911008400E2CC4A /* Extension+UIButton.swift */,
				32F835412911571B00E2CC4A /* Extension+UIImage.swift */,
				3265BA2B290925DD00532CA4 /* SceneDelegate.swift */,
				3265BA2D290925DD00532CA4 /* ViewController.swift */,
				55867E0F2912592100C79FFC /* Extension+ */,
				55867E0E2912590700C79FFC /* Reusable */,
				556F3094290FDFC9005D7AF4 /* ProfileView */,
				3265BA32290925DE00532CA4 /* Assets.xcassets */,
				3265BA34290925DE00532CA4 /* LaunchScreen.storyboard */,
				3265BA37290925DE00532CA4 /* Info.plist */,
			);
			path = Relay;
			sourceTree = "<group>";
		};
		3299189B290A5C8500372C13 /* Login */ = {
			isa = PBXGroup;
			children = (
				3299189F290A5D8800372C13 /* RelayLoginViewController.swift */,
			);
			path = Login;
			sourceTree = "<group>";
		};
		32F83525290FECB700E2CC4A /* Font */ = {
			isa = PBXGroup;
			children = (
				32F83526290FECC300E2CC4A /* ChangwonDangamAsac-Bold_0712.otf */,
			);
			path = Font;
			sourceTree = "<group>";
		};
		32F8353729113F4500E2CC4A /* AgreementView */ = {
			isa = PBXGroup;
			children = (
				32DA1B7E29123F7500C6FDC1 /* DetailViewController.swift */,
				32F8353F29114F0E00E2CC4A /* RelayAgreementViewController.swift */,
			);
			path = AgreementView;
			sourceTree = "<group>";
		};
		556F3094290FDFC9005D7AF4 /* ProfileView */ = {
			isa = PBXGroup;
			children = (
				55FDCEB0290A5DB2000AB345 /* RelayProfileViewController.swift */,
				556F3095290FE011005D7AF4 /* Views */,
			);
			path = ProfileView;
			sourceTree = "<group>";
		};
		556F3095290FE011005D7AF4 /* Views */ = {
			isa = PBXGroup;
			children = (
				55FDCEB2290A6440000AB345 /* RelayProfileUserInfoView.swift */,
				55FDCEB4290A711C000AB345 /* RelayProfileUserActivityView.swift */,
				55FDCEB6290ABB0C000AB345 /* RelayUserActivityCollectionViewCell.swift */,
				556F3090290F9A09005D7AF4 /* RelayNonLoginView.swift */,
			);
			path = Views;
			sourceTree = "<group>";
		};
		55867E0D291258FD00C79FFC /* RelayListView */ = {
			isa = PBXGroup;
			children = (
				556F309629102F83005D7AF4 /* RelayListView.swift */,
				556F309829103676005D7AF4 /* RelayListHeaderView.swift */,
				556F309A29117E1F005D7AF4 /* RelayListCollectionViewCell.swift */,
			);
			path = RelayListView;
			sourceTree = "<group>";
		};
		55867E0E2912590700C79FFC /* Reusable */ = {
			isa = PBXGroup;
			children = (
				55867E0D291258FD00C79FFC /* RelayListView */,
				556F309C29118823005D7AF4 /* BasePaddingLabel.swift */,
			);
			path = Reusable;
			sourceTree = "<group>";
		};
		55867E0F2912592100C79FFC /* Extension+ */ = {
			isa = PBXGroup;
			children = (
				556F3092290FA59A005D7AF4 /* Extension+UILabel.swift */,
				55867E0B29123C8500C79FFC /* Extension+CALayer.swift */,
				55867E142912B7DA00C79FFC /* Extension+UIColor.swift */,
			);
			path = "Extension+";
			sourceTree = "<group>";
		};
		55FDCEAB290A55FF000AB345 /* Frameworks */ = {
			isa = PBXGroup;
			children = (
			);
			name = Frameworks;
			sourceTree = "<group>";
		};
/* End PBXGroup section */

/* Begin PBXNativeTarget section */
		3265BA25290925DD00532CA4 /* Relay */ = {
			isa = PBXNativeTarget;
			buildConfigurationList = 3265BA3A290925DE00532CA4 /* Build configuration list for PBXNativeTarget "Relay" */;
			buildPhases = (
				3265BA22290925DD00532CA4 /* Sources */,
				3265BA23290925DD00532CA4 /* Frameworks */,
				3265BA24290925DD00532CA4 /* Resources */,
			);
			buildRules = (
			);
			dependencies = (
			);
			name = Relay;
			packageProductDependencies = (
				55FDCEAE290A5667000AB345 /* SnapKit */,
				32517E412913E25C005E0F69 /* SwiftUIPager */,
			);
			productName = Relay;
			productReference = 3265BA26290925DD00532CA4 /* Relay.app */;
			productType = "com.apple.product-type.application";
		};
/* End PBXNativeTarget section */

/* Begin PBXProject section */
		3265BA1E290925DD00532CA4 /* Project object */ = {
			isa = PBXProject;
			attributes = {
				BuildIndependentTargetsInParallel = 1;
				LastSwiftUpdateCheck = 1400;
				LastUpgradeCheck = 1400;
				TargetAttributes = {
					3265BA25290925DD00532CA4 = {
						CreatedOnToolsVersion = 14.0.1;
					};
				};
			};
			buildConfigurationList = 3265BA21290925DD00532CA4 /* Build configuration list for PBXProject "Relay" */;
			compatibilityVersion = "Xcode 14.0";
			developmentRegion = en;
			hasScannedForEncodings = 0;
			knownRegions = (
				en,
				Base,
			);
			mainGroup = 3265BA1D290925DD00532CA4;
			packageReferences = (
				327138A42909284700592714 /* XCRemoteSwiftPackageReference "SnapKit" */,
				32517E402913E25C005E0F69 /* XCRemoteSwiftPackageReference "SwiftUIPager" */,
			);
			productRefGroup = 3265BA27290925DD00532CA4 /* Products */;
			projectDirPath = "";
			projectRoot = "";
			targets = (
				3265BA25290925DD00532CA4 /* Relay */,
			);
		};
/* End PBXProject section */

/* Begin PBXResourcesBuildPhase section */
		3265BA24290925DD00532CA4 /* Resources */ = {
			isa = PBXResourcesBuildPhase;
			buildActionMask = 2147483647;
			files = (
				3265BA36290925DE00532CA4 /* LaunchScreen.storyboard in Resources */,
				32F83527290FECC300E2CC4A /* ChangwonDangamAsac-Bold_0712.otf in Resources */,
				3265BA33290925DE00532CA4 /* Assets.xcassets in Resources */,
			);
			runOnlyForDeploymentPostprocessing = 0;
		};
/* End PBXResourcesBuildPhase section */

/* Begin PBXSourcesBuildPhase section */
		3265BA22290925DD00532CA4 /* Sources */ = {
			isa = PBXSourcesBuildPhase;
			buildActionMask = 2147483647;
			files = (
				32F835422911571B00E2CC4A /* Extension+UIImage.swift in Sources */,
				55FDCEB1290A5DB2000AB345 /* RelayProfileViewController.swift in Sources */,
				32517E192913CAE7005E0F69 /* RelayMainViewController.swift in Sources */,
				32F8354029114F0E00E2CC4A /* RelayAgreementViewController.swift in Sources */,
				55FDCEB7290ABB0C000AB345 /* RelayUserActivityCollectionViewCell.swift in Sources */,
				556F309B29117E1F005D7AF4 /* RelayListCollectionViewCell.swift in Sources */,
				3265BA2E290925DD00532CA4 /* ViewController.swift in Sources */,
				32DA1B7F29123F7500C6FDC1 /* DetailViewController.swift in Sources */,
				32F835362911008400E2CC4A /* Extension+UIButton.swift in Sources */,
				3265BA2A290925DD00532CA4 /* AppDelegate.swift in Sources */,
				55FDCEB3290A6440000AB345 /* RelayProfileUserInfoView.swift in Sources */,
				556F309929103676005D7AF4 /* RelayListHeaderView.swift in Sources */,
				55867E152912B7DA00C79FFC /* Extension+UIColor.swift in Sources */,
				55FDCEB5290A711C000AB345 /* RelayProfileUserActivityView.swift in Sources */,
				32517E3F2913E23F005E0F69 /* PageAnimationView.swift in Sources */,
				556F3093290FA59A005D7AF4 /* Extension+UILabel.swift in Sources */,
				55867E0C29123C8500C79FFC /* Extension+CALayer.swift in Sources */,
				556F309D29118823005D7AF4 /* BasePaddingLabel.swift in Sources */,
				556F309729102F83005D7AF4 /* RelayListView.swift in Sources */,
				556F3091290F9A09005D7AF4 /* RelayNonLoginView.swift in Sources */,
				3265BA2C290925DD00532CA4 /* SceneDelegate.swift in Sources */,
				329918A0290A5D8800372C13 /* RelayLoginViewController.swift in Sources */,
			);
			runOnlyForDeploymentPostprocessing = 0;
		};
/* End PBXSourcesBuildPhase section */

/* Begin PBXVariantGroup section */
		3265BA34290925DE00532CA4 /* LaunchScreen.storyboard */ = {
			isa = PBXVariantGroup;
			children = (
				3265BA35290925DE00532CA4 /* Base */,
			);
			name = LaunchScreen.storyboard;
			sourceTree = "<group>";
		};
/* End PBXVariantGroup section */

/* Begin XCBuildConfiguration section */
		3265BA38290925DE00532CA4 /* Debug */ = {
			isa = XCBuildConfiguration;
			buildSettings = {
				ALWAYS_SEARCH_USER_PATHS = NO;
				CLANG_ANALYZER_NONNULL = YES;
				CLANG_ANALYZER_NUMBER_OBJECT_CONVERSION = YES_AGGRESSIVE;
				CLANG_CXX_LANGUAGE_STANDARD = "gnu++20";
				CLANG_ENABLE_MODULES = YES;
				CLANG_ENABLE_OBJC_ARC = YES;
				CLANG_ENABLE_OBJC_WEAK = YES;
				CLANG_WARN_BLOCK_CAPTURE_AUTORELEASING = YES;
				CLANG_WARN_BOOL_CONVERSION = YES;
				CLANG_WARN_COMMA = YES;
				CLANG_WARN_CONSTANT_CONVERSION = YES;
				CLANG_WARN_DEPRECATED_OBJC_IMPLEMENTATIONS = YES;
				CLANG_WARN_DIRECT_OBJC_ISA_USAGE = YES_ERROR;
				CLANG_WARN_DOCUMENTATION_COMMENTS = YES;
				CLANG_WARN_EMPTY_BODY = YES;
				CLANG_WARN_ENUM_CONVERSION = YES;
				CLANG_WARN_INFINITE_RECURSION = YES;
				CLANG_WARN_INT_CONVERSION = YES;
				CLANG_WARN_NON_LITERAL_NULL_CONVERSION = YES;
				CLANG_WARN_OBJC_IMPLICIT_RETAIN_SELF = YES;
				CLANG_WARN_OBJC_LITERAL_CONVERSION = YES;
				CLANG_WARN_OBJC_ROOT_CLASS = YES_ERROR;
				CLANG_WARN_QUOTED_INCLUDE_IN_FRAMEWORK_HEADER = YES;
				CLANG_WARN_RANGE_LOOP_ANALYSIS = YES;
				CLANG_WARN_STRICT_PROTOTYPES = YES;
				CLANG_WARN_SUSPICIOUS_MOVE = YES;
				CLANG_WARN_UNGUARDED_AVAILABILITY = YES_AGGRESSIVE;
				CLANG_WARN_UNREACHABLE_CODE = YES;
				CLANG_WARN__DUPLICATE_METHOD_MATCH = YES;
				COPY_PHASE_STRIP = NO;
				DEBUG_INFORMATION_FORMAT = dwarf;
				ENABLE_STRICT_OBJC_MSGSEND = YES;
				ENABLE_TESTABILITY = YES;
				GCC_C_LANGUAGE_STANDARD = gnu11;
				GCC_DYNAMIC_NO_PIC = NO;
				GCC_NO_COMMON_BLOCKS = YES;
				GCC_OPTIMIZATION_LEVEL = 0;
				GCC_PREPROCESSOR_DEFINITIONS = (
					"DEBUG=1",
					"$(inherited)",
				);
				GCC_WARN_64_TO_32_BIT_CONVERSION = YES;
				GCC_WARN_ABOUT_RETURN_TYPE = YES_ERROR;
				GCC_WARN_UNDECLARED_SELECTOR = YES;
				GCC_WARN_UNINITIALIZED_AUTOS = YES_AGGRESSIVE;
				GCC_WARN_UNUSED_FUNCTION = YES;
				GCC_WARN_UNUSED_VARIABLE = YES;
				IPHONEOS_DEPLOYMENT_TARGET = 16.0;
				MTL_ENABLE_DEBUG_INFO = INCLUDE_SOURCE;
				MTL_FAST_MATH = YES;
				ONLY_ACTIVE_ARCH = YES;
				SDKROOT = iphoneos;
				SWIFT_ACTIVE_COMPILATION_CONDITIONS = DEBUG;
				SWIFT_OPTIMIZATION_LEVEL = "-Onone";
			};
			name = Debug;
		};
		3265BA39290925DE00532CA4 /* Release */ = {
			isa = XCBuildConfiguration;
			buildSettings = {
				ALWAYS_SEARCH_USER_PATHS = NO;
				CLANG_ANALYZER_NONNULL = YES;
				CLANG_ANALYZER_NUMBER_OBJECT_CONVERSION = YES_AGGRESSIVE;
				CLANG_CXX_LANGUAGE_STANDARD = "gnu++20";
				CLANG_ENABLE_MODULES = YES;
				CLANG_ENABLE_OBJC_ARC = YES;
				CLANG_ENABLE_OBJC_WEAK = YES;
				CLANG_WARN_BLOCK_CAPTURE_AUTORELEASING = YES;
				CLANG_WARN_BOOL_CONVERSION = YES;
				CLANG_WARN_COMMA = YES;
				CLANG_WARN_CONSTANT_CONVERSION = YES;
				CLANG_WARN_DEPRECATED_OBJC_IMPLEMENTATIONS = YES;
				CLANG_WARN_DIRECT_OBJC_ISA_USAGE = YES_ERROR;
				CLANG_WARN_DOCUMENTATION_COMMENTS = YES;
				CLANG_WARN_EMPTY_BODY = YES;
				CLANG_WARN_ENUM_CONVERSION = YES;
				CLANG_WARN_INFINITE_RECURSION = YES;
				CLANG_WARN_INT_CONVERSION = YES;
				CLANG_WARN_NON_LITERAL_NULL_CONVERSION = YES;
				CLANG_WARN_OBJC_IMPLICIT_RETAIN_SELF = YES;
				CLANG_WARN_OBJC_LITERAL_CONVERSION = YES;
				CLANG_WARN_OBJC_ROOT_CLASS = YES_ERROR;
				CLANG_WARN_QUOTED_INCLUDE_IN_FRAMEWORK_HEADER = YES;
				CLANG_WARN_RANGE_LOOP_ANALYSIS = YES;
				CLANG_WARN_STRICT_PROTOTYPES = YES;
				CLANG_WARN_SUSPICIOUS_MOVE = YES;
				CLANG_WARN_UNGUARDED_AVAILABILITY = YES_AGGRESSIVE;
				CLANG_WARN_UNREACHABLE_CODE = YES;
				CLANG_WARN__DUPLICATE_METHOD_MATCH = YES;
				COPY_PHASE_STRIP = NO;
				DEBUG_INFORMATION_FORMAT = "dwarf-with-dsym";
				ENABLE_NS_ASSERTIONS = NO;
				ENABLE_STRICT_OBJC_MSGSEND = YES;
				GCC_C_LANGUAGE_STANDARD = gnu11;
				GCC_NO_COMMON_BLOCKS = YES;
				GCC_WARN_64_TO_32_BIT_CONVERSION = YES;
				GCC_WARN_ABOUT_RETURN_TYPE = YES_ERROR;
				GCC_WARN_UNDECLARED_SELECTOR = YES;
				GCC_WARN_UNINITIALIZED_AUTOS = YES_AGGRESSIVE;
				GCC_WARN_UNUSED_FUNCTION = YES;
				GCC_WARN_UNUSED_VARIABLE = YES;
				IPHONEOS_DEPLOYMENT_TARGET = 16.0;
				MTL_ENABLE_DEBUG_INFO = NO;
				MTL_FAST_MATH = YES;
				SDKROOT = iphoneos;
				SWIFT_COMPILATION_MODE = wholemodule;
				SWIFT_OPTIMIZATION_LEVEL = "-O";
				VALIDATE_PRODUCT = YES;
			};
			name = Release;
		};
		3265BA3B290925DE00532CA4 /* Debug */ = {
			isa = XCBuildConfiguration;
			buildSettings = {
				ASSETCATALOG_COMPILER_APPICON_NAME = AppIcon;
				ASSETCATALOG_COMPILER_GLOBAL_ACCENT_COLOR_NAME = AccentColor;
				CODE_SIGN_ENTITLEMENTS = Relay/Relay.entitlements;
				"CODE_SIGN_IDENTITY[sdk=iphoneos*]" = "iPhone Developer";
				CODE_SIGN_STYLE = Manual;
				CURRENT_PROJECT_VERSION = 1;
				DEVELOPMENT_TEAM = "";
				"DEVELOPMENT_TEAM[sdk=iphoneos*]" = FRZRS5Y9L6;
				GENERATE_INFOPLIST_FILE = YES;
				INFOPLIST_FILE = Relay/Info.plist;
				INFOPLIST_KEY_UIApplicationSupportsIndirectInputEvents = YES;
				INFOPLIST_KEY_UILaunchStoryboardName = LaunchScreen;
				INFOPLIST_KEY_UIMainStoryboardFile = "";
				INFOPLIST_KEY_UISupportedInterfaceOrientations_iPad = "UIInterfaceOrientationPortrait UIInterfaceOrientationPortraitUpsideDown UIInterfaceOrientationLandscapeLeft UIInterfaceOrientationLandscapeRight";
				INFOPLIST_KEY_UISupportedInterfaceOrientations_iPhone = "UIInterfaceOrientationPortrait UIInterfaceOrientationLandscapeLeft UIInterfaceOrientationLandscapeRight";
				IPHONEOS_DEPLOYMENT_TARGET = 16.0;
				LD_RUNPATH_SEARCH_PATHS = (
					"$(inherited)",
					"@executable_path/Frameworks",
				);
				MARKETING_VERSION = 1.0;
				PRODUCT_BUNDLE_IDENTIFIER = com.GoodGood;
				PRODUCT_NAME = "$(TARGET_NAME)";
				PROVISIONING_PROFILE_SPECIFIER = "";
				"PROVISIONING_PROFILE_SPECIFIER[sdk=iphoneos*]" = GoodGoodForDevelopment;
				SWIFT_EMIT_LOC_STRINGS = YES;
				SWIFT_VERSION = 5.0;
				TARGETED_DEVICE_FAMILY = "1,2";
			};
			name = Debug;
		};
		3265BA3C290925DE00532CA4 /* Release */ = {
			isa = XCBuildConfiguration;
			buildSettings = {
				ASSETCATALOG_COMPILER_APPICON_NAME = AppIcon;
				ASSETCATALOG_COMPILER_GLOBAL_ACCENT_COLOR_NAME = AccentColor;
				CODE_SIGN_ENTITLEMENTS = Relay/Relay.entitlements;
				"CODE_SIGN_IDENTITY[sdk=iphoneos*]" = "iPhone Developer";
				CODE_SIGN_STYLE = Manual;
				CURRENT_PROJECT_VERSION = 1;
				DEVELOPMENT_TEAM = "";
				"DEVELOPMENT_TEAM[sdk=iphoneos*]" = FRZRS5Y9L6;
				GENERATE_INFOPLIST_FILE = YES;
				INFOPLIST_FILE = Relay/Info.plist;
				INFOPLIST_KEY_UIApplicationSupportsIndirectInputEvents = YES;
				INFOPLIST_KEY_UILaunchStoryboardName = LaunchScreen;
				INFOPLIST_KEY_UIMainStoryboardFile = "";
				INFOPLIST_KEY_UISupportedInterfaceOrientations_iPad = "UIInterfaceOrientationPortrait UIInterfaceOrientationPortraitUpsideDown UIInterfaceOrientationLandscapeLeft UIInterfaceOrientationLandscapeRight";
				INFOPLIST_KEY_UISupportedInterfaceOrientations_iPhone = "UIInterfaceOrientationPortrait UIInterfaceOrientationLandscapeLeft UIInterfaceOrientationLandscapeRight";
				IPHONEOS_DEPLOYMENT_TARGET = 16.0;
				LD_RUNPATH_SEARCH_PATHS = (
					"$(inherited)",
					"@executable_path/Frameworks",
				);
				MARKETING_VERSION = 1.0;
				PRODUCT_BUNDLE_IDENTIFIER = com.GoodGood;
				PRODUCT_NAME = "$(TARGET_NAME)";
				PROVISIONING_PROFILE_SPECIFIER = "";
				"PROVISIONING_PROFILE_SPECIFIER[sdk=iphoneos*]" = GoodGoodForDevelopment;
				SWIFT_EMIT_LOC_STRINGS = YES;
				SWIFT_VERSION = 5.0;
				TARGETED_DEVICE_FAMILY = "1,2";
			};
			name = Release;
		};
/* End XCBuildConfiguration section */

/* Begin XCConfigurationList section */
		3265BA21290925DD00532CA4 /* Build configuration list for PBXProject "Relay" */ = {
			isa = XCConfigurationList;
			buildConfigurations = (
				3265BA38290925DE00532CA4 /* Debug */,
				3265BA39290925DE00532CA4 /* Release */,
			);
			defaultConfigurationIsVisible = 0;
			defaultConfigurationName = Release;
		};
		3265BA3A290925DE00532CA4 /* Build configuration list for PBXNativeTarget "Relay" */ = {
			isa = XCConfigurationList;
			buildConfigurations = (
				3265BA3B290925DE00532CA4 /* Debug */,
				3265BA3C290925DE00532CA4 /* Release */,
			);
			defaultConfigurationIsVisible = 0;
			defaultConfigurationName = Release;
		};
/* End XCConfigurationList section */

/* Begin XCRemoteSwiftPackageReference section */
		32517E402913E25C005E0F69 /* XCRemoteSwiftPackageReference "SwiftUIPager" */ = {
			isa = XCRemoteSwiftPackageReference;
			repositoryURL = "https://github.com/fermoya/SwiftUIPager";
			requirement = {
				kind = upToNextMajorVersion;
				minimumVersion = 2.0.0;
			};
		};
		327138A42909284700592714 /* XCRemoteSwiftPackageReference "SnapKit" */ = {
			isa = XCRemoteSwiftPackageReference;
			repositoryURL = "https://github.com/SnapKit/SnapKit";
			requirement = {
				kind = upToNextMajorVersion;
				minimumVersion = 5.0.1;
			};
		};
/* End XCRemoteSwiftPackageReference section */

/* Begin XCSwiftPackageProductDependency section */
		32517E412913E25C005E0F69 /* SwiftUIPager */ = {
			isa = XCSwiftPackageProductDependency;
			package = 32517E402913E25C005E0F69 /* XCRemoteSwiftPackageReference "SwiftUIPager" */;
			productName = SwiftUIPager;
		};
		55FDCEAE290A5667000AB345 /* SnapKit */ = {
			isa = XCSwiftPackageProductDependency;
			package = 327138A42909284700592714 /* XCRemoteSwiftPackageReference "SnapKit" */;
			productName = SnapKit;
		};
/* End XCSwiftPackageProductDependency section */
	};
	rootObject = 3265BA1E290925DD00532CA4 /* Project object */;
}
