// !$*UTF8*$!
{
	archiveVersion = 1;
	classes = {
	};
	objectVersion = 56;
	objects = {

/* Begin PBXBuildFile section */
		3201622E2912A7950054803C /* RelayPenNameViewController.swift in Sources */ = {isa = PBXBuildFile; fileRef = 3201622D2912A7950054803C /* RelayPenNameViewController.swift */; };
		3212D6F82935EF1B0080F3E0 /* MockNotice.swift in Sources */ = {isa = PBXBuildFile; fileRef = 3212D6F72935EF1B0080F3E0 /* MockNotice.swift */; };
		321F591F291CE77700FEE6DD /* CardView.swift in Sources */ = {isa = PBXBuildFile; fileRef = 321F591E291CE77700FEE6DD /* CardView.swift */; };
		32464EB3291B808800BDAB7C /* RelayNoticeViewController.swift in Sources */ = {isa = PBXBuildFile; fileRef = 32464EB2291B808800BDAB7C /* RelayNoticeViewController.swift */; };
		32464EB7291B887D00BDAB7C /* TableCellCustomCell.swift in Sources */ = {isa = PBXBuildFile; fileRef = 32464EB6291B887D00BDAB7C /* TableCellCustomCell.swift */; };
		32464EB9291B99E400BDAB7C /* Extension+UIViewController.swift in Sources */ = {isa = PBXBuildFile; fileRef = 32464EB8291B99E400BDAB7C /* Extension+UIViewController.swift */; };
		32517E142913B733005E0F69 /* RelayAllReadyViewController.swift in Sources */ = {isa = PBXBuildFile; fileRef = 32517E132913B733005E0F69 /* RelayAllReadyViewController.swift */; };
		32517E422913E25C005E0F69 /* SwiftUIPager in Frameworks */ = {isa = PBXBuildFile; productRef = 32517E412913E25C005E0F69 /* SwiftUIPager */; };
		3265BA2A290925DD00532CA4 /* AppDelegate.swift in Sources */ = {isa = PBXBuildFile; fileRef = 3265BA29290925DD00532CA4 /* AppDelegate.swift */; };
		3265BA2C290925DD00532CA4 /* SceneDelegate.swift in Sources */ = {isa = PBXBuildFile; fileRef = 3265BA2B290925DD00532CA4 /* SceneDelegate.swift */; };
		3265BA33290925DE00532CA4 /* Assets.xcassets in Resources */ = {isa = PBXBuildFile; fileRef = 3265BA32290925DE00532CA4 /* Assets.xcassets */; };
		3265BA36290925DE00532CA4 /* LaunchScreen.storyboard in Resources */ = {isa = PBXBuildFile; fileRef = 3265BA34290925DE00532CA4 /* LaunchScreen.storyboard */; };
		329918A0290A5D8800372C13 /* RelayLoginViewController.swift in Sources */ = {isa = PBXBuildFile; fileRef = 3299189F290A5D8800372C13 /* RelayLoginViewController.swift */; };
		329FA02D292CBE820063981A /* PlayList_5.mp3 in Resources */ = {isa = PBXBuildFile; fileRef = 329FA025292CBE810063981A /* PlayList_5.mp3 */; };
		329FA02E292CBE820063981A /* PlayList_3.mp3 in Resources */ = {isa = PBXBuildFile; fileRef = 329FA026292CBE810063981A /* PlayList_3.mp3 */; };
		329FA02F292CBE820063981A /* PlayList_2.mp3 in Resources */ = {isa = PBXBuildFile; fileRef = 329FA027292CBE820063981A /* PlayList_2.mp3 */; };
		329FA030292CBE820063981A /* PlayList_4.mp3 in Resources */ = {isa = PBXBuildFile; fileRef = 329FA028292CBE820063981A /* PlayList_4.mp3 */; };
		329FA031292CBE820063981A /* PlayList_6.mp3 in Resources */ = {isa = PBXBuildFile; fileRef = 329FA029292CBE820063981A /* PlayList_6.mp3 */; };
		329FA032292CBE820063981A /* PlayList_7.mp3 in Resources */ = {isa = PBXBuildFile; fileRef = 329FA02A292CBE820063981A /* PlayList_7.mp3 */; };
		329FA033292CBE820063981A /* PlayList_8.mp3 in Resources */ = {isa = PBXBuildFile; fileRef = 329FA02B292CBE820063981A /* PlayList_8.mp3 */; };
		329FA05B292F57180063981A /* PlayList_1.mp3 in Resources */ = {isa = PBXBuildFile; fileRef = 329FA05A292F57180063981A /* PlayList_1.mp3 */; };
		32DA1B7F29123F7500C6FDC1 /* DetailViewController.swift in Sources */ = {isa = PBXBuildFile; fileRef = 32DA1B7E29123F7500C6FDC1 /* DetailViewController.swift */; };
		32DE2B0629164291005D1A85 /* RelayWritingViewController.swift in Sources */ = {isa = PBXBuildFile; fileRef = 32DE2B0529164291005D1A85 /* RelayWritingViewController.swift */; };
		32DE2B0929190A7E005D1A85 /* WritingTitleView.swift in Sources */ = {isa = PBXBuildFile; fileRef = 32DE2B0829190A7E005D1A85 /* WritingTitleView.swift */; };
		32DE2B0F291A4729005D1A85 /* EventCollectionViewCell.swift in Sources */ = {isa = PBXBuildFile; fileRef = 32DE2B0E291A4729005D1A85 /* EventCollectionViewCell.swift */; };
		32DE2B13291A979D005D1A85 /* DividerView.swift in Sources */ = {isa = PBXBuildFile; fileRef = 32DE2B12291A979D005D1A85 /* DividerView.swift */; };
		32DE2B15291A9DA3005D1A85 /* TouchCollectionViewCell.swift in Sources */ = {isa = PBXBuildFile; fileRef = 32DE2B14291A9DA3005D1A85 /* TouchCollectionViewCell.swift */; };
		32F83527290FECC300E2CC4A /* ChangwonDangamAsac-Bold_0712.otf in Resources */ = {isa = PBXBuildFile; fileRef = 32F83526290FECC300E2CC4A /* ChangwonDangamAsac-Bold_0712.otf */; };
		32F835362911008400E2CC4A /* Extension+UIButton.swift in Sources */ = {isa = PBXBuildFile; fileRef = 32F835352911008400E2CC4A /* Extension+UIButton.swift */; };
		32F8354029114F0E00E2CC4A /* RelayAgreementViewController.swift in Sources */ = {isa = PBXBuildFile; fileRef = 32F8353F29114F0E00E2CC4A /* RelayAgreementViewController.swift */; };
		32F835422911571B00E2CC4A /* Extension+UIImage.swift in Sources */ = {isa = PBXBuildFile; fileRef = 32F835412911571B00E2CC4A /* Extension+UIImage.swift */; };
		3D3AB257E86075B70A2B1C3F /* Pods_Relay.framework in Frameworks */ = {isa = PBXBuildFile; fileRef = 4FD2FD4C407450F5150A3655 /* Pods_Relay.framework */; };
		556F3091290F9A09005D7AF4 /* RelayNonLoginView.swift in Sources */ = {isa = PBXBuildFile; fileRef = 556F3090290F9A09005D7AF4 /* RelayNonLoginView.swift */; };
		556F3093290FA59A005D7AF4 /* Extension+UILabel.swift in Sources */ = {isa = PBXBuildFile; fileRef = 556F3092290FA59A005D7AF4 /* Extension+UILabel.swift */; };
		556F309729102F83005D7AF4 /* RelayListView.swift in Sources */ = {isa = PBXBuildFile; fileRef = 556F309629102F83005D7AF4 /* RelayListView.swift */; };
		556F309929103676005D7AF4 /* RelayListHeaderView.swift in Sources */ = {isa = PBXBuildFile; fileRef = 556F309829103676005D7AF4 /* RelayListHeaderView.swift */; };
		556F309B29117E1F005D7AF4 /* RelayListCollectionViewCell.swift in Sources */ = {isa = PBXBuildFile; fileRef = 556F309A29117E1F005D7AF4 /* RelayListCollectionViewCell.swift */; };
		556F309D29118823005D7AF4 /* BasePaddingLabel.swift in Sources */ = {isa = PBXBuildFile; fileRef = 556F309C29118823005D7AF4 /* BasePaddingLabel.swift */; };
		55745F352919340700414462 /* RelayReadingViewController.swift in Sources */ = {isa = PBXBuildFile; fileRef = 55745F342919340700414462 /* RelayReadingViewController.swift */; };
		55745F372919347800414462 /* RelayReadingCoverView.swift in Sources */ = {isa = PBXBuildFile; fileRef = 55745F362919347800414462 /* RelayReadingCoverView.swift */; };
		55745F3B291936ED00414462 /* RelayReadingFooterView.swift in Sources */ = {isa = PBXBuildFile; fileRef = 55745F3A291936ED00414462 /* RelayReadingFooterView.swift */; };
		55745F3D2919442400414462 /* ReadingNoticeView.swift in Sources */ = {isa = PBXBuildFile; fileRef = 55745F3C2919442400414462 /* ReadingNoticeView.swift */; };
		55745F3F2919446D00414462 /* ReadingBodyView.swift in Sources */ = {isa = PBXBuildFile; fileRef = 55745F3E2919446D00414462 /* ReadingBodyView.swift */; };
		55745FC2291A3BF100414462 /* BodyCollectionViewCell.swift in Sources */ = {isa = PBXBuildFile; fileRef = 55745FC1291A3BF100414462 /* BodyCollectionViewCell.swift */; };
		55745FC4291B7A5F00414462 /* RelayReadingWriteView.swift in Sources */ = {isa = PBXBuildFile; fileRef = 55745FC3291B7A5F00414462 /* RelayReadingWriteView.swift */; };
		55745FC6291B9B9F00414462 /* RelayReadingFinishFooterView.swift in Sources */ = {isa = PBXBuildFile; fileRef = 55745FC5291B9B9F00414462 /* RelayReadingFinishFooterView.swift */; };
		55745FE2291CCBDC00414462 /* RelayMainViewController.swift in Sources */ = {isa = PBXBuildFile; fileRef = 55745FDF291CCBDC00414462 /* RelayMainViewController.swift */; };
		55745FE3291CCBDC00414462 /* PageAnimationView.swift in Sources */ = {isa = PBXBuildFile; fileRef = 55745FE1291CCBDC00414462 /* PageAnimationView.swift */; };
		55746033292B503800414462 /* RelayActivityViewController.swift in Sources */ = {isa = PBXBuildFile; fileRef = 55746032292B503800414462 /* RelayActivityViewController.swift */; };
		55867E0C29123C8500C79FFC /* Extension+CALayer.swift in Sources */ = {isa = PBXBuildFile; fileRef = 55867E0B29123C8500C79FFC /* Extension+CALayer.swift */; };
		55867E1129128C7400C79FFC /* TabBarController.swift in Sources */ = {isa = PBXBuildFile; fileRef = 55867E1029128C7400C79FFC /* TabBarController.swift */; };
		55867E152912B7DA00C79FFC /* Extension+UIColor.swift in Sources */ = {isa = PBXBuildFile; fileRef = 55867E142912B7DA00C79FFC /* Extension+UIColor.swift */; };
		55867E172913ABED00C79FFC /* RelayBrowsingViewController.swift in Sources */ = {isa = PBXBuildFile; fileRef = 55867E162913ABED00C79FFC /* RelayBrowsingViewController.swift */; };
		55867E192913AC8D00C79FFC /* RelayBrowsingHeaderView.swift in Sources */ = {isa = PBXBuildFile; fileRef = 55867E182913AC8D00C79FFC /* RelayBrowsingHeaderView.swift */; };
		55867E1B2913AF0400C79FFC /* BrowsingTitleView.swift in Sources */ = {isa = PBXBuildFile; fileRef = 55867E1A2913AF0400C79FFC /* BrowsingTitleView.swift */; };
		55867E1D29142C6700C79FFC /* CategoryModalPresentationController.swift in Sources */ = {isa = PBXBuildFile; fileRef = 55867E1C29142C6700C79FFC /* CategoryModalPresentationController.swift */; };
		55867E1F2914E77100C79FFC /* RelayCategoryViewController.swift in Sources */ = {isa = PBXBuildFile; fileRef = 55867E1E2914E77100C79FFC /* RelayCategoryViewController.swift */; };
		55867E212914EB3C00C79FFC /* RelayCategoryCollectionViewCell.swift in Sources */ = {isa = PBXBuildFile; fileRef = 55867E202914EB3C00C79FFC /* RelayCategoryCollectionViewCell.swift */; };
		55D552FD292B96810013FF5E /* MockRecommend.swift in Sources */ = {isa = PBXBuildFile; fileRef = 55D552FC292B96810013FF5E /* MockRecommend.swift */; };
		55D552FF292B9EA20013FF5E /* MockUser.swift in Sources */ = {isa = PBXBuildFile; fileRef = 55D552FE292B9EA20013FF5E /* MockUser.swift */; };
		55D55301292BA0480013FF5E /* MockStory.swift in Sources */ = {isa = PBXBuildFile; fileRef = 55D55300292BA0480013FF5E /* MockStory.swift */; };
		55D55303292BAB340013FF5E /* MockRelay.swift in Sources */ = {isa = PBXBuildFile; fileRef = 55D55302292BAB340013FF5E /* MockRelay.swift */; };
		55D55305292C9D460013FF5E /* BGM.swift in Sources */ = {isa = PBXBuildFile; fileRef = 55D55304292C9D460013FF5E /* BGM.swift */; };
		55D55307292CA0BC0013FF5E /* Category.swift in Sources */ = {isa = PBXBuildFile; fileRef = 55D55306292CA0BC0013FF5E /* Category.swift */; };
		55D55309292CA2EC0013FF5E /* Genre.swift in Sources */ = {isa = PBXBuildFile; fileRef = 55D55308292CA2EC0013FF5E /* Genre.swift */; };
		55D5530B292D3CD80013FF5E /* Extension+Double.swift in Sources */ = {isa = PBXBuildFile; fileRef = 55D5530A292D3CD80013FF5E /* Extension+Double.swift */; };
		55FDCEAF290A5667000AB345 /* SnapKit in Frameworks */ = {isa = PBXBuildFile; productRef = 55FDCEAE290A5667000AB345 /* SnapKit */; };
		55FDCEB1290A5DB2000AB345 /* RelayProfileViewController.swift in Sources */ = {isa = PBXBuildFile; fileRef = 55FDCEB0290A5DB2000AB345 /* RelayProfileViewController.swift */; };
		55FDCEB3290A6440000AB345 /* RelayProfileUserInfoView.swift in Sources */ = {isa = PBXBuildFile; fileRef = 55FDCEB2290A6440000AB345 /* RelayProfileUserInfoView.swift */; };
		55FDCEB5290A711C000AB345 /* RelayProfileUserActivityView.swift in Sources */ = {isa = PBXBuildFile; fileRef = 55FDCEB4290A711C000AB345 /* RelayProfileUserActivityView.swift */; };
		55FDCEB7290ABB0C000AB345 /* RelayUserActivityCollectionViewCell.swift in Sources */ = {isa = PBXBuildFile; fileRef = 55FDCEB6290ABB0C000AB345 /* RelayUserActivityCollectionViewCell.swift */; };
		73741CA7291D360500E7F765 /* APIConstants.swift in Sources */ = {isa = PBXBuildFile; fileRef = 73741CA6291D360500E7F765 /* APIConstants.swift */; };
		73741CA9291D363100E7F765 /* StoryAPI.swift in Sources */ = {isa = PBXBuildFile; fileRef = 73741CA8291D363100E7F765 /* StoryAPI.swift */; };
		73741CAB291D364C00E7F765 /* RelayAPI.swift in Sources */ = {isa = PBXBuildFile; fileRef = 73741CAA291D364C00E7F765 /* RelayAPI.swift */; };
		73741CAD291D365B00E7F765 /* UserAPI.swift in Sources */ = {isa = PBXBuildFile; fileRef = 73741CAC291D365B00E7F765 /* UserAPI.swift */; };
		73741CAF291D366700E7F765 /* LoginAPI.swift in Sources */ = {isa = PBXBuildFile; fileRef = 73741CAE291D366700E7F765 /* LoginAPI.swift */; };
		73741CB1291D367500E7F765 /* RecommendAPI.swift in Sources */ = {isa = PBXBuildFile; fileRef = 73741CB0291D367500E7F765 /* RecommendAPI.swift */; };
		73741CB3291D368100E7F765 /* NoticeAPI.swift in Sources */ = {isa = PBXBuildFile; fileRef = 73741CB2291D368100E7F765 /* NoticeAPI.swift */; };
		73741CB5291D369C00E7F765 /* AuthPlugin.swift in Sources */ = {isa = PBXBuildFile; fileRef = 73741CB4291D369C00E7F765 /* AuthPlugin.swift */; };
		73741CB7291D370500E7F765 /* Story.swift in Sources */ = {isa = PBXBuildFile; fileRef = 73741CB6291D370500E7F765 /* Story.swift */; };
		73741CB9291D371100E7F765 /* Relay.swift in Sources */ = {isa = PBXBuildFile; fileRef = 73741CB8291D371100E7F765 /* Relay.swift */; };
		73741CBB291D379C00E7F765 /* User.swift in Sources */ = {isa = PBXBuildFile; fileRef = 73741CBA291D379C00E7F765 /* User.swift */; };
		73741CBD291D37A500E7F765 /* Recommend.swift in Sources */ = {isa = PBXBuildFile; fileRef = 73741CBC291D37A500E7F765 /* Recommend.swift */; };
		73741CBF291D37AF00E7F765 /* Notice.swift in Sources */ = {isa = PBXBuildFile; fileRef = 73741CBE291D37AF00E7F765 /* Notice.swift */; };
		73741CC429215A5800E7F765 /* AccountManager.swift in Sources */ = {isa = PBXBuildFile; fileRef = 73741CC329215A5800E7F765 /* AccountManager.swift */; };
		B533AB4929183A4400B73867 /* RelayMyInfoViewController.swift in Sources */ = {isa = PBXBuildFile; fileRef = B533AB4829183A4400B73867 /* RelayMyInfoViewController.swift */; };
		B533AB4B2918ACD100B73867 /* RelayAboutRelayViewController.swift in Sources */ = {isa = PBXBuildFile; fileRef = B533AB4A2918ACD100B73867 /* RelayAboutRelayViewController.swift */; };
		B533AB522919FB8400B73867 /* RelayAboutRelayDescriptionView.swift in Sources */ = {isa = PBXBuildFile; fileRef = B533AB512919FB8400B73867 /* RelayAboutRelayDescriptionView.swift */; };
		B533AB5A291AA53D00B73867 /* RelayDeleteAccountViewController.swift in Sources */ = {isa = PBXBuildFile; fileRef = B533AB59291AA53D00B73867 /* RelayDeleteAccountViewController.swift */; };
		B533AB5C291AA5B300B73867 /* RelayDeleteAccountUserActivityView.swift in Sources */ = {isa = PBXBuildFile; fileRef = B533AB5B291AA5B300B73867 /* RelayDeleteAccountUserActivityView.swift */; };
		B533AB5E291AC52100B73867 /* RelayDeleteAccountAgreementView.swift in Sources */ = {isa = PBXBuildFile; fileRef = B533AB5D291AC52100B73867 /* RelayDeleteAccountAgreementView.swift */; };
		B533AB62291BFB2200B73867 /* RelayTermsAndConditionsViewController.swift in Sources */ = {isa = PBXBuildFile; fileRef = B533AB61291BFB2200B73867 /* RelayTermsAndConditionsViewController.swift */; };
		B533AB64291C107200B73867 /* RelayPrivacyPolicyViewController.swift in Sources */ = {isa = PBXBuildFile; fileRef = B533AB63291C107200B73867 /* RelayPrivacyPolicyViewController.swift */; };
		B53444762980513B0064634E /* RelayListEmptyView.swift in Sources */ = {isa = PBXBuildFile; fileRef = B53444752980513B0064634E /* RelayListEmptyView.swift */; };
		B5687A67292C8B7D0077E3F0 /* RelayOnboardingViewCell.swift in Sources */ = {isa = PBXBuildFile; fileRef = B5687A66292C8B7D0077E3F0 /* RelayOnboardingViewCell.swift */; };
		B5687A69292C8BE40077E3F0 /* RelayOnboardingDataModel.swift in Sources */ = {isa = PBXBuildFile; fileRef = B5687A68292C8BE40077E3F0 /* RelayOnboardingDataModel.swift */; };
		B5C0B4BD290F7C9A00077B5F /* RelayOnboardingViewController.swift in Sources */ = {isa = PBXBuildFile; fileRef = B5C0B4BC290F7C9A00077B5F /* RelayOnboardingViewController.swift */; };
		B5C0B5252914D8BA00077B5F /* RelaySettingViewController.swift in Sources */ = {isa = PBXBuildFile; fileRef = B5C0B5242914D8BA00077B5F /* RelaySettingViewController.swift */; };
		B5C0B52B2916A9FA00077B5F /* RelaySettingTableViewCell.swift in Sources */ = {isa = PBXBuildFile; fileRef = B5C0B52A2916A9FA00077B5F /* RelaySettingTableViewCell.swift */; };
/* End PBXBuildFile section */

/* Begin PBXFileReference section */
		3201622D2912A7950054803C /* RelayPenNameViewController.swift */ = {isa = PBXFileReference; lastKnownFileType = sourcecode.swift; path = RelayPenNameViewController.swift; sourceTree = "<group>"; };
		3212D6F72935EF1B0080F3E0 /* MockNotice.swift */ = {isa = PBXFileReference; lastKnownFileType = sourcecode.swift; path = MockNotice.swift; sourceTree = "<group>"; };
		321F591E291CE77700FEE6DD /* CardView.swift */ = {isa = PBXFileReference; lastKnownFileType = sourcecode.swift; path = CardView.swift; sourceTree = "<group>"; };
		32308E43290F983E0012B5A2 /* Relay.entitlements */ = {isa = PBXFileReference; lastKnownFileType = text.plist.entitlements; path = Relay.entitlements; sourceTree = "<group>"; };
		32464EB2291B808800BDAB7C /* RelayNoticeViewController.swift */ = {isa = PBXFileReference; lastKnownFileType = sourcecode.swift; path = RelayNoticeViewController.swift; sourceTree = "<group>"; };
		32464EB6291B887D00BDAB7C /* TableCellCustomCell.swift */ = {isa = PBXFileReference; lastKnownFileType = sourcecode.swift; path = TableCellCustomCell.swift; sourceTree = "<group>"; };
		32464EB8291B99E400BDAB7C /* Extension+UIViewController.swift */ = {isa = PBXFileReference; lastKnownFileType = sourcecode.swift; path = "Extension+UIViewController.swift"; sourceTree = "<group>"; };
		32517E132913B733005E0F69 /* RelayAllReadyViewController.swift */ = {isa = PBXFileReference; lastKnownFileType = sourcecode.swift; path = RelayAllReadyViewController.swift; sourceTree = "<group>"; };
		3265BA26290925DD00532CA4 /* Relay.app */ = {isa = PBXFileReference; explicitFileType = wrapper.application; includeInIndex = 0; path = Relay.app; sourceTree = BUILT_PRODUCTS_DIR; };
		3265BA29290925DD00532CA4 /* AppDelegate.swift */ = {isa = PBXFileReference; lastKnownFileType = sourcecode.swift; path = AppDelegate.swift; sourceTree = "<group>"; };
		3265BA2B290925DD00532CA4 /* SceneDelegate.swift */ = {isa = PBXFileReference; lastKnownFileType = sourcecode.swift; path = SceneDelegate.swift; sourceTree = "<group>"; };
		3265BA32290925DE00532CA4 /* Assets.xcassets */ = {isa = PBXFileReference; lastKnownFileType = folder.assetcatalog; path = Assets.xcassets; sourceTree = "<group>"; };
		3265BA35290925DE00532CA4 /* Base */ = {isa = PBXFileReference; lastKnownFileType = file.storyboard; name = Base; path = Base.lproj/LaunchScreen.storyboard; sourceTree = "<group>"; };
		3265BA37290925DE00532CA4 /* Info.plist */ = {isa = PBXFileReference; lastKnownFileType = text.plist.xml; path = Info.plist; sourceTree = "<group>"; };
		3299189F290A5D8800372C13 /* RelayLoginViewController.swift */ = {isa = PBXFileReference; lastKnownFileType = sourcecode.swift; path = RelayLoginViewController.swift; sourceTree = "<group>"; };
		329FA025292CBE810063981A /* PlayList_5.mp3 */ = {isa = PBXFileReference; lastKnownFileType = audio.mp3; path = PlayList_5.mp3; sourceTree = "<group>"; };
		329FA026292CBE810063981A /* PlayList_3.mp3 */ = {isa = PBXFileReference; lastKnownFileType = audio.mp3; path = PlayList_3.mp3; sourceTree = "<group>"; };
		329FA027292CBE820063981A /* PlayList_2.mp3 */ = {isa = PBXFileReference; lastKnownFileType = audio.mp3; path = PlayList_2.mp3; sourceTree = "<group>"; };
		329FA028292CBE820063981A /* PlayList_4.mp3 */ = {isa = PBXFileReference; lastKnownFileType = audio.mp3; path = PlayList_4.mp3; sourceTree = "<group>"; };
		329FA029292CBE820063981A /* PlayList_6.mp3 */ = {isa = PBXFileReference; lastKnownFileType = audio.mp3; path = PlayList_6.mp3; sourceTree = "<group>"; };
		329FA02A292CBE820063981A /* PlayList_7.mp3 */ = {isa = PBXFileReference; lastKnownFileType = audio.mp3; path = PlayList_7.mp3; sourceTree = "<group>"; };
		329FA02B292CBE820063981A /* PlayList_8.mp3 */ = {isa = PBXFileReference; lastKnownFileType = audio.mp3; path = PlayList_8.mp3; sourceTree = "<group>"; };
		329FA05A292F57180063981A /* PlayList_1.mp3 */ = {isa = PBXFileReference; lastKnownFileType = audio.mp3; path = PlayList_1.mp3; sourceTree = "<group>"; };
		32DA1B7E29123F7500C6FDC1 /* DetailViewController.swift */ = {isa = PBXFileReference; lastKnownFileType = sourcecode.swift; path = DetailViewController.swift; sourceTree = "<group>"; };
		32DE2B0529164291005D1A85 /* RelayWritingViewController.swift */ = {isa = PBXFileReference; lastKnownFileType = sourcecode.swift; path = RelayWritingViewController.swift; sourceTree = "<group>"; };
		32DE2B0829190A7E005D1A85 /* WritingTitleView.swift */ = {isa = PBXFileReference; lastKnownFileType = sourcecode.swift; path = WritingTitleView.swift; sourceTree = "<group>"; };
		32DE2B0E291A4729005D1A85 /* EventCollectionViewCell.swift */ = {isa = PBXFileReference; lastKnownFileType = sourcecode.swift; path = EventCollectionViewCell.swift; sourceTree = "<group>"; };
		32DE2B12291A979D005D1A85 /* DividerView.swift */ = {isa = PBXFileReference; lastKnownFileType = sourcecode.swift; path = DividerView.swift; sourceTree = "<group>"; };
		32DE2B14291A9DA3005D1A85 /* TouchCollectionViewCell.swift */ = {isa = PBXFileReference; lastKnownFileType = sourcecode.swift; path = TouchCollectionViewCell.swift; sourceTree = "<group>"; };
		32F83526290FECC300E2CC4A /* ChangwonDangamAsac-Bold_0712.otf */ = {isa = PBXFileReference; lastKnownFileType = file; path = "ChangwonDangamAsac-Bold_0712.otf"; sourceTree = "<group>"; };
		32F835352911008400E2CC4A /* Extension+UIButton.swift */ = {isa = PBXFileReference; lastKnownFileType = sourcecode.swift; path = "Extension+UIButton.swift"; sourceTree = "<group>"; };
		32F8353F29114F0E00E2CC4A /* RelayAgreementViewController.swift */ = {isa = PBXFileReference; lastKnownFileType = sourcecode.swift; path = RelayAgreementViewController.swift; sourceTree = "<group>"; };
		32F835412911571B00E2CC4A /* Extension+UIImage.swift */ = {isa = PBXFileReference; lastKnownFileType = sourcecode.swift; path = "Extension+UIImage.swift"; sourceTree = "<group>"; };
		4FD2FD4C407450F5150A3655 /* Pods_Relay.framework */ = {isa = PBXFileReference; explicitFileType = wrapper.framework; includeInIndex = 0; path = Pods_Relay.framework; sourceTree = BUILT_PRODUCTS_DIR; };
		556F3090290F9A09005D7AF4 /* RelayNonLoginView.swift */ = {isa = PBXFileReference; lastKnownFileType = sourcecode.swift; path = RelayNonLoginView.swift; sourceTree = "<group>"; };
		556F3092290FA59A005D7AF4 /* Extension+UILabel.swift */ = {isa = PBXFileReference; lastKnownFileType = sourcecode.swift; path = "Extension+UILabel.swift"; sourceTree = "<group>"; };
		556F309629102F83005D7AF4 /* RelayListView.swift */ = {isa = PBXFileReference; lastKnownFileType = sourcecode.swift; path = RelayListView.swift; sourceTree = "<group>"; };
		556F309829103676005D7AF4 /* RelayListHeaderView.swift */ = {isa = PBXFileReference; lastKnownFileType = sourcecode.swift; path = RelayListHeaderView.swift; sourceTree = "<group>"; };
		556F309A29117E1F005D7AF4 /* RelayListCollectionViewCell.swift */ = {isa = PBXFileReference; lastKnownFileType = sourcecode.swift; path = RelayListCollectionViewCell.swift; sourceTree = "<group>"; };
		556F309C29118823005D7AF4 /* BasePaddingLabel.swift */ = {isa = PBXFileReference; lastKnownFileType = sourcecode.swift; path = BasePaddingLabel.swift; sourceTree = "<group>"; };
		55745F342919340700414462 /* RelayReadingViewController.swift */ = {isa = PBXFileReference; lastKnownFileType = sourcecode.swift; path = RelayReadingViewController.swift; sourceTree = "<group>"; };
		55745F362919347800414462 /* RelayReadingCoverView.swift */ = {isa = PBXFileReference; lastKnownFileType = sourcecode.swift; path = RelayReadingCoverView.swift; sourceTree = "<group>"; };
		55745F3A291936ED00414462 /* RelayReadingFooterView.swift */ = {isa = PBXFileReference; lastKnownFileType = sourcecode.swift; path = RelayReadingFooterView.swift; sourceTree = "<group>"; };
		55745F3C2919442400414462 /* ReadingNoticeView.swift */ = {isa = PBXFileReference; lastKnownFileType = sourcecode.swift; path = ReadingNoticeView.swift; sourceTree = "<group>"; };
		55745F3E2919446D00414462 /* ReadingBodyView.swift */ = {isa = PBXFileReference; lastKnownFileType = sourcecode.swift; path = ReadingBodyView.swift; sourceTree = "<group>"; };
		55745FC1291A3BF100414462 /* BodyCollectionViewCell.swift */ = {isa = PBXFileReference; lastKnownFileType = sourcecode.swift; path = BodyCollectionViewCell.swift; sourceTree = "<group>"; };
		55745FC3291B7A5F00414462 /* RelayReadingWriteView.swift */ = {isa = PBXFileReference; lastKnownFileType = sourcecode.swift; path = RelayReadingWriteView.swift; sourceTree = "<group>"; };
		55745FC5291B9B9F00414462 /* RelayReadingFinishFooterView.swift */ = {isa = PBXFileReference; lastKnownFileType = sourcecode.swift; path = RelayReadingFinishFooterView.swift; sourceTree = "<group>"; };
		55745FD7291CCA8600414462 /* RelayMainHostingController.swift */ = {isa = PBXFileReference; fileEncoding = 4; lastKnownFileType = sourcecode.swift; path = RelayMainHostingController.swift; sourceTree = "<group>"; };
		55745FD9291CCA8600414462 /* PageAnimationView.swift */ = {isa = PBXFileReference; fileEncoding = 4; lastKnownFileType = sourcecode.swift; path = PageAnimationView.swift; sourceTree = "<group>"; };
		55745FDF291CCBDC00414462 /* RelayMainViewController.swift */ = {isa = PBXFileReference; fileEncoding = 4; lastKnownFileType = sourcecode.swift; path = RelayMainViewController.swift; sourceTree = "<group>"; };
		55745FE1291CCBDC00414462 /* PageAnimationView.swift */ = {isa = PBXFileReference; fileEncoding = 4; lastKnownFileType = sourcecode.swift; path = PageAnimationView.swift; sourceTree = "<group>"; };
		55746032292B503800414462 /* RelayActivityViewController.swift */ = {isa = PBXFileReference; lastKnownFileType = sourcecode.swift; path = RelayActivityViewController.swift; sourceTree = "<group>"; };
		55867E0B29123C8500C79FFC /* Extension+CALayer.swift */ = {isa = PBXFileReference; lastKnownFileType = sourcecode.swift; path = "Extension+CALayer.swift"; sourceTree = "<group>"; };
		55867E1029128C7400C79FFC /* TabBarController.swift */ = {isa = PBXFileReference; lastKnownFileType = sourcecode.swift; path = TabBarController.swift; sourceTree = "<group>"; };
		55867E142912B7DA00C79FFC /* Extension+UIColor.swift */ = {isa = PBXFileReference; lastKnownFileType = sourcecode.swift; path = "Extension+UIColor.swift"; sourceTree = "<group>"; };
		55867E162913ABED00C79FFC /* RelayBrowsingViewController.swift */ = {isa = PBXFileReference; lastKnownFileType = sourcecode.swift; path = RelayBrowsingViewController.swift; sourceTree = "<group>"; };
		55867E182913AC8D00C79FFC /* RelayBrowsingHeaderView.swift */ = {isa = PBXFileReference; lastKnownFileType = sourcecode.swift; path = RelayBrowsingHeaderView.swift; sourceTree = "<group>"; };
		55867E1A2913AF0400C79FFC /* BrowsingTitleView.swift */ = {isa = PBXFileReference; lastKnownFileType = sourcecode.swift; path = BrowsingTitleView.swift; sourceTree = "<group>"; };
		55867E1C29142C6700C79FFC /* CategoryModalPresentationController.swift */ = {isa = PBXFileReference; lastKnownFileType = sourcecode.swift; path = CategoryModalPresentationController.swift; sourceTree = "<group>"; };
		55867E1E2914E77100C79FFC /* RelayCategoryViewController.swift */ = {isa = PBXFileReference; lastKnownFileType = sourcecode.swift; path = RelayCategoryViewController.swift; sourceTree = "<group>"; };
		55867E202914EB3C00C79FFC /* RelayCategoryCollectionViewCell.swift */ = {isa = PBXFileReference; lastKnownFileType = sourcecode.swift; path = RelayCategoryCollectionViewCell.swift; sourceTree = "<group>"; };
		55D552FC292B96810013FF5E /* MockRecommend.swift */ = {isa = PBXFileReference; lastKnownFileType = sourcecode.swift; path = MockRecommend.swift; sourceTree = "<group>"; };
		55D552FE292B9EA20013FF5E /* MockUser.swift */ = {isa = PBXFileReference; lastKnownFileType = sourcecode.swift; path = MockUser.swift; sourceTree = "<group>"; };
		55D55300292BA0480013FF5E /* MockStory.swift */ = {isa = PBXFileReference; lastKnownFileType = sourcecode.swift; path = MockStory.swift; sourceTree = "<group>"; };
		55D55302292BAB340013FF5E /* MockRelay.swift */ = {isa = PBXFileReference; lastKnownFileType = sourcecode.swift; path = MockRelay.swift; sourceTree = "<group>"; };
		55D55304292C9D460013FF5E /* BGM.swift */ = {isa = PBXFileReference; lastKnownFileType = sourcecode.swift; path = BGM.swift; sourceTree = "<group>"; };
		55D55306292CA0BC0013FF5E /* Category.swift */ = {isa = PBXFileReference; lastKnownFileType = sourcecode.swift; path = Category.swift; sourceTree = "<group>"; };
		55D55308292CA2EC0013FF5E /* Genre.swift */ = {isa = PBXFileReference; lastKnownFileType = sourcecode.swift; path = Genre.swift; sourceTree = "<group>"; };
		55D5530A292D3CD80013FF5E /* Extension+Double.swift */ = {isa = PBXFileReference; lastKnownFileType = sourcecode.swift; path = "Extension+Double.swift"; sourceTree = "<group>"; };
		55FDCEB0290A5DB2000AB345 /* RelayProfileViewController.swift */ = {isa = PBXFileReference; lastKnownFileType = sourcecode.swift; path = RelayProfileViewController.swift; sourceTree = "<group>"; };
		55FDCEB2290A6440000AB345 /* RelayProfileUserInfoView.swift */ = {isa = PBXFileReference; lastKnownFileType = sourcecode.swift; path = RelayProfileUserInfoView.swift; sourceTree = "<group>"; };
		55FDCEB4290A711C000AB345 /* RelayProfileUserActivityView.swift */ = {isa = PBXFileReference; lastKnownFileType = sourcecode.swift; path = RelayProfileUserActivityView.swift; sourceTree = "<group>"; };
		55FDCEB6290ABB0C000AB345 /* RelayUserActivityCollectionViewCell.swift */ = {isa = PBXFileReference; lastKnownFileType = sourcecode.swift; path = RelayUserActivityCollectionViewCell.swift; sourceTree = "<group>"; };
		73741CA6291D360500E7F765 /* APIConstants.swift */ = {isa = PBXFileReference; lastKnownFileType = sourcecode.swift; path = APIConstants.swift; sourceTree = "<group>"; };
		73741CA8291D363100E7F765 /* StoryAPI.swift */ = {isa = PBXFileReference; lastKnownFileType = sourcecode.swift; path = StoryAPI.swift; sourceTree = "<group>"; };
		73741CAA291D364C00E7F765 /* RelayAPI.swift */ = {isa = PBXFileReference; lastKnownFileType = sourcecode.swift; path = RelayAPI.swift; sourceTree = "<group>"; };
		73741CAC291D365B00E7F765 /* UserAPI.swift */ = {isa = PBXFileReference; lastKnownFileType = sourcecode.swift; path = UserAPI.swift; sourceTree = "<group>"; };
		73741CAE291D366700E7F765 /* LoginAPI.swift */ = {isa = PBXFileReference; lastKnownFileType = sourcecode.swift; path = LoginAPI.swift; sourceTree = "<group>"; };
		73741CB0291D367500E7F765 /* RecommendAPI.swift */ = {isa = PBXFileReference; lastKnownFileType = sourcecode.swift; path = RecommendAPI.swift; sourceTree = "<group>"; };
		73741CB2291D368100E7F765 /* NoticeAPI.swift */ = {isa = PBXFileReference; lastKnownFileType = sourcecode.swift; path = NoticeAPI.swift; sourceTree = "<group>"; };
		73741CB4291D369C00E7F765 /* AuthPlugin.swift */ = {isa = PBXFileReference; lastKnownFileType = sourcecode.swift; path = AuthPlugin.swift; sourceTree = "<group>"; };
		73741CB6291D370500E7F765 /* Story.swift */ = {isa = PBXFileReference; lastKnownFileType = sourcecode.swift; path = Story.swift; sourceTree = "<group>"; };
		73741CB8291D371100E7F765 /* Relay.swift */ = {isa = PBXFileReference; lastKnownFileType = sourcecode.swift; path = Relay.swift; sourceTree = "<group>"; };
		73741CBA291D379C00E7F765 /* User.swift */ = {isa = PBXFileReference; lastKnownFileType = sourcecode.swift; path = User.swift; sourceTree = "<group>"; };
		73741CBC291D37A500E7F765 /* Recommend.swift */ = {isa = PBXFileReference; lastKnownFileType = sourcecode.swift; path = Recommend.swift; sourceTree = "<group>"; };
		73741CBE291D37AF00E7F765 /* Notice.swift */ = {isa = PBXFileReference; lastKnownFileType = sourcecode.swift; path = Notice.swift; sourceTree = "<group>"; };
		73741CC329215A5800E7F765 /* AccountManager.swift */ = {isa = PBXFileReference; lastKnownFileType = sourcecode.swift; path = AccountManager.swift; sourceTree = "<group>"; };
		862A1BB22438CA7E571849AE /* Pods-Relay.debug.xcconfig */ = {isa = PBXFileReference; includeInIndex = 1; lastKnownFileType = text.xcconfig; name = "Pods-Relay.debug.xcconfig"; path = "Target Support Files/Pods-Relay/Pods-Relay.debug.xcconfig"; sourceTree = "<group>"; };
		B533AB4829183A4400B73867 /* RelayMyInfoViewController.swift */ = {isa = PBXFileReference; lastKnownFileType = sourcecode.swift; path = RelayMyInfoViewController.swift; sourceTree = "<group>"; };
		B533AB4A2918ACD100B73867 /* RelayAboutRelayViewController.swift */ = {isa = PBXFileReference; lastKnownFileType = sourcecode.swift; path = RelayAboutRelayViewController.swift; sourceTree = "<group>"; };
		B533AB512919FB8400B73867 /* RelayAboutRelayDescriptionView.swift */ = {isa = PBXFileReference; lastKnownFileType = sourcecode.swift; path = RelayAboutRelayDescriptionView.swift; sourceTree = "<group>"; };
		B533AB59291AA53D00B73867 /* RelayDeleteAccountViewController.swift */ = {isa = PBXFileReference; lastKnownFileType = sourcecode.swift; path = RelayDeleteAccountViewController.swift; sourceTree = "<group>"; };
		B533AB5B291AA5B300B73867 /* RelayDeleteAccountUserActivityView.swift */ = {isa = PBXFileReference; lastKnownFileType = sourcecode.swift; path = RelayDeleteAccountUserActivityView.swift; sourceTree = "<group>"; };
		B533AB5D291AC52100B73867 /* RelayDeleteAccountAgreementView.swift */ = {isa = PBXFileReference; lastKnownFileType = sourcecode.swift; path = RelayDeleteAccountAgreementView.swift; sourceTree = "<group>"; };
		B533AB61291BFB2200B73867 /* RelayTermsAndConditionsViewController.swift */ = {isa = PBXFileReference; lastKnownFileType = sourcecode.swift; path = RelayTermsAndConditionsViewController.swift; sourceTree = "<group>"; };
		B533AB63291C107200B73867 /* RelayPrivacyPolicyViewController.swift */ = {isa = PBXFileReference; lastKnownFileType = sourcecode.swift; path = RelayPrivacyPolicyViewController.swift; sourceTree = "<group>"; };
		B53444752980513B0064634E /* RelayListEmptyView.swift */ = {isa = PBXFileReference; lastKnownFileType = sourcecode.swift; path = RelayListEmptyView.swift; sourceTree = "<group>"; };
		B5687A66292C8B7D0077E3F0 /* RelayOnboardingViewCell.swift */ = {isa = PBXFileReference; lastKnownFileType = sourcecode.swift; path = RelayOnboardingViewCell.swift; sourceTree = "<group>"; };
		B5687A68292C8BE40077E3F0 /* RelayOnboardingDataModel.swift */ = {isa = PBXFileReference; lastKnownFileType = sourcecode.swift; path = RelayOnboardingDataModel.swift; sourceTree = "<group>"; };
		B5C0B4BC290F7C9A00077B5F /* RelayOnboardingViewController.swift */ = {isa = PBXFileReference; lastKnownFileType = sourcecode.swift; path = RelayOnboardingViewController.swift; sourceTree = "<group>"; };
		B5C0B5242914D8BA00077B5F /* RelaySettingViewController.swift */ = {isa = PBXFileReference; lastKnownFileType = sourcecode.swift; path = RelaySettingViewController.swift; sourceTree = "<group>"; };
		B5C0B52A2916A9FA00077B5F /* RelaySettingTableViewCell.swift */ = {isa = PBXFileReference; lastKnownFileType = sourcecode.swift; path = RelaySettingTableViewCell.swift; sourceTree = "<group>"; };
		BB3686570FE66E0630031A1E /* Pods-Relay.release.xcconfig */ = {isa = PBXFileReference; includeInIndex = 1; lastKnownFileType = text.xcconfig; name = "Pods-Relay.release.xcconfig"; path = "Target Support Files/Pods-Relay/Pods-Relay.release.xcconfig"; sourceTree = "<group>"; };
/* End PBXFileReference section */

/* Begin PBXFrameworksBuildPhase section */
		3265BA23290925DD00532CA4 /* Frameworks */ = {
			isa = PBXFrameworksBuildPhase;
			buildActionMask = 2147483647;
			files = (
				32517E422913E25C005E0F69 /* SwiftUIPager in Frameworks */,
				55FDCEAF290A5667000AB345 /* SnapKit in Frameworks */,
				3D3AB257E86075B70A2B1C3F /* Pods_Relay.framework in Frameworks */,
			);
			runOnlyForDeploymentPostprocessing = 0;
		};
/* End PBXFrameworksBuildPhase section */

/* Begin PBXGroup section */
		3201622C2912A77B0054803C /* PenNameView */ = {
			isa = PBXGroup;
			children = (
				3201622D2912A7950054803C /* RelayPenNameViewController.swift */,
			);
			path = PenNameView;
			sourceTree = "<group>";
		};
		32464EB1291B806300BDAB7C /* NoticeView */ = {
			isa = PBXGroup;
			children = (
				32464EB2291B808800BDAB7C /* RelayNoticeViewController.swift */,
				32464EB5291B885E00BDAB7C /* Views */,
			);
			path = NoticeView;
			sourceTree = "<group>";
		};
		32464EB5291B885E00BDAB7C /* Views */ = {
			isa = PBXGroup;
			children = (
				32464EB6291B887D00BDAB7C /* TableCellCustomCell.swift */,
			);
			path = Views;
			sourceTree = "<group>";
		};
		32517E122913B71D005E0F69 /* AllReadyView */ = {
			isa = PBXGroup;
			children = (
				32517E132913B733005E0F69 /* RelayAllReadyViewController.swift */,
			);
			path = AllReadyView;
			sourceTree = "<group>";
		};
		3265BA1D290925DD00532CA4 = {
			isa = PBXGroup;
			children = (
				3265BA28290925DD00532CA4 /* Relay */,
				3265BA27290925DD00532CA4 /* Products */,
				55FDCEAB290A55FF000AB345 /* Frameworks */,
				C868A3C7606A7AB62D7DFE0C /* Pods */,
			);
			sourceTree = "<group>";
		};
		3265BA27290925DD00532CA4 /* Products */ = {
			isa = PBXGroup;
			children = (
				3265BA26290925DD00532CA4 /* Relay.app */,
			);
			name = Products;
			sourceTree = "<group>";
		};
		3265BA28290925DD00532CA4 /* Relay */ = {
			isa = PBXGroup;
			children = (
				3265BA29290925DD00532CA4 /* AppDelegate.swift */,
				3265BA2B290925DD00532CA4 /* SceneDelegate.swift */,
				55745FE7291CD93B00414462 /* Network */,
				55745FE8291CDA4D00414462 /* Model */,
				55745FE4291CD7F700414462 /* Scenes */,
				32F83525290FECB700E2CC4A /* Font */,
				329FA017292CA97C0063981A /* BGM */,
				32308E43290F983E0012B5A2 /* Relay.entitlements */,
				3265BA32290925DE00532CA4 /* Assets.xcassets */,
				3265BA34290925DE00532CA4 /* LaunchScreen.storyboard */,
				3265BA37290925DE00532CA4 /* Info.plist */,
			);
			path = Relay;
			sourceTree = "<group>";
		};
		3299189B290A5C8500372C13 /* LoginView */ = {
			isa = PBXGroup;
			children = (
				3299189F290A5D8800372C13 /* RelayLoginViewController.swift */,
			);
			path = LoginView;
			sourceTree = "<group>";
		};
		329FA017292CA97C0063981A /* BGM */ = {
			isa = PBXGroup;
			children = (
				329FA05A292F57180063981A /* PlayList_1.mp3 */,
				329FA027292CBE820063981A /* PlayList_2.mp3 */,
				329FA026292CBE810063981A /* PlayList_3.mp3 */,
				329FA028292CBE820063981A /* PlayList_4.mp3 */,
				329FA025292CBE810063981A /* PlayList_5.mp3 */,
				329FA029292CBE820063981A /* PlayList_6.mp3 */,
				329FA02A292CBE820063981A /* PlayList_7.mp3 */,
				329FA02B292CBE820063981A /* PlayList_8.mp3 */,
			);
			path = BGM;
			sourceTree = "<group>";
		};
		32DE2B0429164266005D1A85 /* WritingView */ = {
			isa = PBXGroup;
			children = (
				32DE2B0529164291005D1A85 /* RelayWritingViewController.swift */,
				32DE2B0729190A50005D1A85 /* Views */,
			);
			path = WritingView;
			sourceTree = "<group>";
		};
		32DE2B0729190A50005D1A85 /* Views */ = {
			isa = PBXGroup;
			children = (
				32DE2B0829190A7E005D1A85 /* WritingTitleView.swift */,
				32DE2B0E291A4729005D1A85 /* EventCollectionViewCell.swift */,
				32DE2B14291A9DA3005D1A85 /* TouchCollectionViewCell.swift */,
				32DE2B12291A979D005D1A85 /* DividerView.swift */,
			);
			path = Views;
			sourceTree = "<group>";
		};
		32F83525290FECB700E2CC4A /* Font */ = {
			isa = PBXGroup;
			children = (
				55745FD6291CCA8600414462 /* MainView */,
				32F83526290FECC300E2CC4A /* ChangwonDangamAsac-Bold_0712.otf */,
			);
			path = Font;
			sourceTree = "<group>";
		};
		32F8353729113F4500E2CC4A /* AgreementView */ = {
			isa = PBXGroup;
			children = (
				32DA1B7E29123F7500C6FDC1 /* DetailViewController.swift */,
				32F8353F29114F0E00E2CC4A /* RelayAgreementViewController.swift */,
			);
			path = AgreementView;
			sourceTree = "<group>";
		};
		556F3094290FDFC9005D7AF4 /* ProfileView */ = {
			isa = PBXGroup;
			children = (
				55FDCEB0290A5DB2000AB345 /* RelayProfileViewController.swift */,
				556F3095290FE011005D7AF4 /* Views */,
			);
			path = ProfileView;
			sourceTree = "<group>";
		};
		556F3095290FE011005D7AF4 /* Views */ = {
			isa = PBXGroup;
			children = (
				55FDCEB2290A6440000AB345 /* RelayProfileUserInfoView.swift */,
				55FDCEB4290A711C000AB345 /* RelayProfileUserActivityView.swift */,
				55FDCEB6290ABB0C000AB345 /* RelayUserActivityCollectionViewCell.swift */,
				556F3090290F9A09005D7AF4 /* RelayNonLoginView.swift */,
			);
			path = Views;
			sourceTree = "<group>";
		};
		55745F302918CB4100414462 /* BrowsingView */ = {
			isa = PBXGroup;
			children = (
				55867E162913ABED00C79FFC /* RelayBrowsingViewController.swift */,
				55745F312918CB5300414462 /* Views */,
			);
			path = BrowsingView;
			sourceTree = "<group>";
		};
		55745F312918CB5300414462 /* Views */ = {
			isa = PBXGroup;
			children = (
				55867E182913AC8D00C79FFC /* RelayBrowsingHeaderView.swift */,
				55867E1A2913AF0400C79FFC /* BrowsingTitleView.swift */,
			);
			path = Views;
			sourceTree = "<group>";
		};
		55745F322918CB6400414462 /* CategoryView */ = {
			isa = PBXGroup;
			children = (
				55867E1E2914E77100C79FFC /* RelayCategoryViewController.swift */,
				55867E202914EB3C00C79FFC /* RelayCategoryCollectionViewCell.swift */,
			);
			path = CategoryView;
			sourceTree = "<group>";
		};
		55745F332918CE3D00414462 /* CateogoryModal */ = {
			isa = PBXGroup;
			children = (
				55867E1C29142C6700C79FFC /* CategoryModalPresentationController.swift */,
			);
			name = CateogoryModal;
			path = CategoryModal;
			sourceTree = "<group>";
		};
		55745FBF291A2F3700414462 /* ReadingView */ = {
			isa = PBXGroup;
			children = (
				55745F342919340700414462 /* RelayReadingViewController.swift */,
				55745FC0291A2F5300414462 /* Views */,
			);
			path = ReadingView;
			sourceTree = "<group>";
		};
		55745FC0291A2F5300414462 /* Views */ = {
			isa = PBXGroup;
			children = (
				55745F362919347800414462 /* RelayReadingCoverView.swift */,
				55745F3C2919442400414462 /* ReadingNoticeView.swift */,
				55745F3E2919446D00414462 /* ReadingBodyView.swift */,
				55745FC1291A3BF100414462 /* BodyCollectionViewCell.swift */,
				55745F3A291936ED00414462 /* RelayReadingFooterView.swift */,
				55745FC5291B9B9F00414462 /* RelayReadingFinishFooterView.swift */,
				55745FC3291B7A5F00414462 /* RelayReadingWriteView.swift */,
			);
			path = Views;
			sourceTree = "<group>";
		};
		55745FD0291CC5EB00414462 /* DeleteAccountView */ = {
			isa = PBXGroup;
			children = (
				B533AB59291AA53D00B73867 /* RelayDeleteAccountViewController.swift */,
				55745FD1291CC5F900414462 /* Views */,
			);
			path = DeleteAccountView;
			sourceTree = "<group>";
		};
		55745FD1291CC5F900414462 /* Views */ = {
			isa = PBXGroup;
			children = (
				B533AB5B291AA5B300B73867 /* RelayDeleteAccountUserActivityView.swift */,
				B533AB5D291AC52100B73867 /* RelayDeleteAccountAgreementView.swift */,
			);
			path = Views;
			sourceTree = "<group>";
		};
		55745FD6291CCA8600414462 /* MainView */ = {
			isa = PBXGroup;
			children = (
				55745FD7291CCA8600414462 /* RelayMainHostingController.swift */,
				55745FD8291CCA8600414462 /* Views */,
			);
			name = MainView;
			path = Relay/MainView;
			sourceTree = SOURCE_ROOT;
		};
		55745FD8291CCA8600414462 /* Views */ = {
			isa = PBXGroup;
			children = (
				55745FD9291CCA8600414462 /* PageAnimationView.swift */,
			);
			path = Views;
			sourceTree = "<group>";
		};
		55745FDE291CCBDC00414462 /* MainView */ = {
			isa = PBXGroup;
			children = (
				55745FDF291CCBDC00414462 /* RelayMainViewController.swift */,
				55745FE0291CCBDC00414462 /* Views */,
			);
			path = MainView;
			sourceTree = "<group>";
		};
		55745FE0291CCBDC00414462 /* Views */ = {
			isa = PBXGroup;
			children = (
				55745FE1291CCBDC00414462 /* PageAnimationView.swift */,
				321F591E291CE77700FEE6DD /* CardView.swift */,
			);
			path = Views;
			sourceTree = "<group>";
		};
		55745FE4291CD7F700414462 /* Scenes */ = {
			isa = PBXGroup;
			children = (
				55867E1029128C7400C79FFC /* TabBarController.swift */,
				B5C0B4B5290F7B1F00077B5F /* OnboardingView */,
				3299189B290A5C8500372C13 /* LoginView */,
				32F8353729113F4500E2CC4A /* AgreementView */,
				3201622C2912A77B0054803C /* PenNameView */,
				32517E122913B71D005E0F69 /* AllReadyView */,
				55745FDE291CCBDC00414462 /* MainView */,
				32DE2B0429164266005D1A85 /* WritingView */,
				55745F302918CB4100414462 /* BrowsingView */,
				55745FBF291A2F3700414462 /* ReadingView */,
				556F3094290FDFC9005D7AF4 /* ProfileView */,
				55746031292B4FF600414462 /* ActivityView */,
				B5C0B5232914D88900077B5F /* SettingView */,
				55745FD0291CC5EB00414462 /* DeleteAccountView */,
				32464EB1291B806300BDAB7C /* NoticeView */,
				55867E0E2912590700C79FFC /* Reusable */,
				55867E0F2912592100C79FFC /* Extension+ */,
			);
			path = Scenes;
			sourceTree = "<group>";
		};
		55745FE7291CD93B00414462 /* Network */ = {
			isa = PBXGroup;
			children = (
				73741CA6291D360500E7F765 /* APIConstants.swift */,
				73741CA8291D363100E7F765 /* StoryAPI.swift */,
				73741CAA291D364C00E7F765 /* RelayAPI.swift */,
				73741CAC291D365B00E7F765 /* UserAPI.swift */,
				73741CAE291D366700E7F765 /* LoginAPI.swift */,
				73741CB0291D367500E7F765 /* RecommendAPI.swift */,
				73741CB2291D368100E7F765 /* NoticeAPI.swift */,
				73741CB4291D369C00E7F765 /* AuthPlugin.swift */,
				73741CC329215A5800E7F765 /* AccountManager.swift */,
			);
			path = Network;
			sourceTree = "<group>";
		};
		55745FE8291CDA4D00414462 /* Model */ = {
			isa = PBXGroup;
			children = (
				73741CB6291D370500E7F765 /* Story.swift */,
				73741CB8291D371100E7F765 /* Relay.swift */,
				73741CBA291D379C00E7F765 /* User.swift */,
				73741CBC291D37A500E7F765 /* Recommend.swift */,
				73741CBE291D37AF00E7F765 /* Notice.swift */,
				55D55304292C9D460013FF5E /* BGM.swift */,
				55D55306292CA0BC0013FF5E /* Category.swift */,
				55D55308292CA2EC0013FF5E /* Genre.swift */,
				55D552FB292B96680013FF5E /* MockData */,
			);
			path = Model;
			sourceTree = "<group>";
		};
		55746031292B4FF600414462 /* ActivityView */ = {
			isa = PBXGroup;
			children = (
				55746032292B503800414462 /* RelayActivityViewController.swift */,
			);
			path = ActivityView;
			sourceTree = "<group>";
		};
		55867E0D291258FD00C79FFC /* RelayListView */ = {
			isa = PBXGroup;
			children = (
				556F309629102F83005D7AF4 /* RelayListView.swift */,
				556F309829103676005D7AF4 /* RelayListHeaderView.swift */,
				556F309A29117E1F005D7AF4 /* RelayListCollectionViewCell.swift */,
				B53444752980513B0064634E /* RelayListEmptyView.swift */,
			);
			path = RelayListView;
			sourceTree = "<group>";
		};
		55867E0E2912590700C79FFC /* Reusable */ = {
			isa = PBXGroup;
			children = (
				55745F332918CE3D00414462 /* CateogoryModal */,
				55745F322918CB6400414462 /* CategoryView */,
				55867E0D291258FD00C79FFC /* RelayListView */,
				556F309C29118823005D7AF4 /* BasePaddingLabel.swift */,
			);
			path = Reusable;
			sourceTree = "<group>";
		};
		55867E0F2912592100C79FFC /* Extension+ */ = {
			isa = PBXGroup;
			children = (
				556F3092290FA59A005D7AF4 /* Extension+UILabel.swift */,
				32F835352911008400E2CC4A /* Extension+UIButton.swift */,
				32F835412911571B00E2CC4A /* Extension+UIImage.swift */,
				55867E0B29123C8500C79FFC /* Extension+CALayer.swift */,
				55867E142912B7DA00C79FFC /* Extension+UIColor.swift */,
				32464EB8291B99E400BDAB7C /* Extension+UIViewController.swift */,
				55D5530A292D3CD80013FF5E /* Extension+Double.swift */,
			);
			path = "Extension+";
			sourceTree = "<group>";
		};
		55D552FB292B96680013FF5E /* MockData */ = {
			isa = PBXGroup;
			children = (
				55D552FC292B96810013FF5E /* MockRecommend.swift */,
				55D552FE292B9EA20013FF5E /* MockUser.swift */,
				55D55300292BA0480013FF5E /* MockStory.swift */,
				55D55302292BAB340013FF5E /* MockRelay.swift */,
				3212D6F72935EF1B0080F3E0 /* MockNotice.swift */,
			);
			path = MockData;
			sourceTree = "<group>";
		};
		55FDCEAB290A55FF000AB345 /* Frameworks */ = {
			isa = PBXGroup;
			children = (
				4FD2FD4C407450F5150A3655 /* Pods_Relay.framework */,
			);
			name = Frameworks;
			sourceTree = "<group>";
		};
		B533AB57291A960E00B73867 /* Views */ = {
			isa = PBXGroup;
			children = (
				B5C0B52A2916A9FA00077B5F /* RelaySettingTableViewCell.swift */,
				B533AB512919FB8400B73867 /* RelayAboutRelayDescriptionView.swift */,
			);
			path = Views;
			sourceTree = "<group>";
		};
		B5C0B4B5290F7B1F00077B5F /* OnboardingView */ = {
			isa = PBXGroup;
			children = (
				B5687A68292C8BE40077E3F0 /* RelayOnboardingDataModel.swift */,
				B5687A66292C8B7D0077E3F0 /* RelayOnboardingViewCell.swift */,
				B5C0B4BC290F7C9A00077B5F /* RelayOnboardingViewController.swift */,
			);
			path = OnboardingView;
			sourceTree = "<group>";
		};
		B5C0B5232914D88900077B5F /* SettingView */ = {
			isa = PBXGroup;
			children = (
				B5C0B5242914D8BA00077B5F /* RelaySettingViewController.swift */,
				B533AB4829183A4400B73867 /* RelayMyInfoViewController.swift */,
				B533AB4A2918ACD100B73867 /* RelayAboutRelayViewController.swift */,
				B533AB61291BFB2200B73867 /* RelayTermsAndConditionsViewController.swift */,
				B533AB63291C107200B73867 /* RelayPrivacyPolicyViewController.swift */,
				B533AB57291A960E00B73867 /* Views */,
			);
			path = SettingView;
			sourceTree = "<group>";
		};
		C868A3C7606A7AB62D7DFE0C /* Pods */ = {
			isa = PBXGroup;
			children = (
				862A1BB22438CA7E571849AE /* Pods-Relay.debug.xcconfig */,
				BB3686570FE66E0630031A1E /* Pods-Relay.release.xcconfig */,
			);
			path = Pods;
			sourceTree = "<group>";
		};
/* End PBXGroup section */

/* Begin PBXNativeTarget section */
		3265BA25290925DD00532CA4 /* Relay */ = {
			isa = PBXNativeTarget;
			buildConfigurationList = 3265BA3A290925DE00532CA4 /* Build configuration list for PBXNativeTarget "Relay" */;
			buildPhases = (
				C38B3457969448C1826ABCA2 /* [CP] Check Pods Manifest.lock */,
				3265BA22290925DD00532CA4 /* Sources */,
				3265BA23290925DD00532CA4 /* Frameworks */,
				3265BA24290925DD00532CA4 /* Resources */,
				7AB5D9DE59A16C59A9371436 /* [CP] Embed Pods Frameworks */,
			);
			buildRules = (
			);
			dependencies = (
			);
			name = Relay;
			packageProductDependencies = (
				55FDCEAE290A5667000AB345 /* SnapKit */,
				32517E412913E25C005E0F69 /* SwiftUIPager */,
			);
			productName = Relay;
			productReference = 3265BA26290925DD00532CA4 /* Relay.app */;
			productType = "com.apple.product-type.application";
		};
/* End PBXNativeTarget section */

/* Begin PBXProject section */
		3265BA1E290925DD00532CA4 /* Project object */ = {
			isa = PBXProject;
			attributes = {
				BuildIndependentTargetsInParallel = 1;
				LastSwiftUpdateCheck = 1400;
				LastUpgradeCheck = 1400;
				TargetAttributes = {
					3265BA25290925DD00532CA4 = {
						CreatedOnToolsVersion = 14.0.1;
					};
				};
			};
			buildConfigurationList = 3265BA21290925DD00532CA4 /* Build configuration list for PBXProject "Relay" */;
			compatibilityVersion = "Xcode 14.0";
			developmentRegion = en;
			hasScannedForEncodings = 0;
			knownRegions = (
				en,
				Base,
			);
			mainGroup = 3265BA1D290925DD00532CA4;
			packageReferences = (
				327138A42909284700592714 /* XCRemoteSwiftPackageReference "SnapKit" */,
				32517E402913E25C005E0F69 /* XCRemoteSwiftPackageReference "SwiftUIPager" */,
			);
			productRefGroup = 3265BA27290925DD00532CA4 /* Products */;
			projectDirPath = "";
			projectRoot = "";
			targets = (
				3265BA25290925DD00532CA4 /* Relay */,
			);
		};
/* End PBXProject section */

/* Begin PBXResourcesBuildPhase section */
		3265BA24290925DD00532CA4 /* Resources */ = {
			isa = PBXResourcesBuildPhase;
			buildActionMask = 2147483647;
			files = (
				3265BA36290925DE00532CA4 /* LaunchScreen.storyboard in Resources */,
				329FA033292CBE820063981A /* PlayList_8.mp3 in Resources */,
				329FA02D292CBE820063981A /* PlayList_5.mp3 in Resources */,
				329FA030292CBE820063981A /* PlayList_4.mp3 in Resources */,
				32F83527290FECC300E2CC4A /* ChangwonDangamAsac-Bold_0712.otf in Resources */,
				329FA031292CBE820063981A /* PlayList_6.mp3 in Resources */,
				329FA032292CBE820063981A /* PlayList_7.mp3 in Resources */,
				3265BA33290925DE00532CA4 /* Assets.xcassets in Resources */,
				329FA02F292CBE820063981A /* PlayList_2.mp3 in Resources */,
				329FA05B292F57180063981A /* PlayList_1.mp3 in Resources */,
				329FA02E292CBE820063981A /* PlayList_3.mp3 in Resources */,
			);
			runOnlyForDeploymentPostprocessing = 0;
		};
/* End PBXResourcesBuildPhase section */

/* Begin PBXShellScriptBuildPhase section */
		7AB5D9DE59A16C59A9371436 /* [CP] Embed Pods Frameworks */ = {
			isa = PBXShellScriptBuildPhase;
			buildActionMask = 2147483647;
			files = (
			);
			inputFileListPaths = (
				"${PODS_ROOT}/Target Support Files/Pods-Relay/Pods-Relay-frameworks-${CONFIGURATION}-input-files.xcfilelist",
			);
			name = "[CP] Embed Pods Frameworks";
			outputFileListPaths = (
				"${PODS_ROOT}/Target Support Files/Pods-Relay/Pods-Relay-frameworks-${CONFIGURATION}-output-files.xcfilelist",
			);
			runOnlyForDeploymentPostprocessing = 0;
			shellPath = /bin/sh;
			shellScript = "\"${PODS_ROOT}/Target Support Files/Pods-Relay/Pods-Relay-frameworks.sh\"\n";
			showEnvVarsInLog = 0;
		};
		C38B3457969448C1826ABCA2 /* [CP] Check Pods Manifest.lock */ = {
			isa = PBXShellScriptBuildPhase;
			buildActionMask = 2147483647;
			files = (
			);
			inputFileListPaths = (
			);
			inputPaths = (
				"${PODS_PODFILE_DIR_PATH}/Podfile.lock",
				"${PODS_ROOT}/Manifest.lock",
			);
			name = "[CP] Check Pods Manifest.lock";
			outputFileListPaths = (
			);
			outputPaths = (
				"$(DERIVED_FILE_DIR)/Pods-Relay-checkManifestLockResult.txt",
			);
			runOnlyForDeploymentPostprocessing = 0;
			shellPath = /bin/sh;
			shellScript = "diff \"${PODS_PODFILE_DIR_PATH}/Podfile.lock\" \"${PODS_ROOT}/Manifest.lock\" > /dev/null\nif [ $? != 0 ] ; then\n    # print error to STDERR\n    echo \"error: The sandbox is not in sync with the Podfile.lock. Run 'pod install' or update your CocoaPods installation.\" >&2\n    exit 1\nfi\n# This output is used by Xcode 'outputs' to avoid re-running this script phase.\necho \"SUCCESS\" > \"${SCRIPT_OUTPUT_FILE_0}\"\n";
			showEnvVarsInLog = 0;
		};
/* End PBXShellScriptBuildPhase section */

/* Begin PBXSourcesBuildPhase section */
		3265BA22290925DD00532CA4 /* Sources */ = {
			isa = PBXSourcesBuildPhase;
			buildActionMask = 2147483647;
			files = (
				55D5530B292D3CD80013FF5E /* Extension+Double.swift in Sources */,
				B533AB4929183A4400B73867 /* RelayMyInfoViewController.swift in Sources */,
				55867E212914EB3C00C79FFC /* RelayCategoryCollectionViewCell.swift in Sources */,
				55D55309292CA2EC0013FF5E /* Genre.swift in Sources */,
				B5687A67292C8B7D0077E3F0 /* RelayOnboardingViewCell.swift in Sources */,
				B533AB62291BFB2200B73867 /* RelayTermsAndConditionsViewController.swift in Sources */,
				55745F372919347800414462 /* RelayReadingCoverView.swift in Sources */,
				55867E172913ABED00C79FFC /* RelayBrowsingViewController.swift in Sources */,
				32DE2B0F291A4729005D1A85 /* EventCollectionViewCell.swift in Sources */,
				55746033292B503800414462 /* RelayActivityViewController.swift in Sources */,
				55D55307292CA0BC0013FF5E /* Category.swift in Sources */,
				73741CB3291D368100E7F765 /* NoticeAPI.swift in Sources */,
				32464EB3291B808800BDAB7C /* RelayNoticeViewController.swift in Sources */,
				B5C0B4BD290F7C9A00077B5F /* RelayOnboardingViewController.swift in Sources */,
				55745F352919340700414462 /* RelayReadingViewController.swift in Sources */,
				32F835422911571B00E2CC4A /* Extension+UIImage.swift in Sources */,
				32464EB7291B887D00BDAB7C /* TableCellCustomCell.swift in Sources */,
				55FDCEB1290A5DB2000AB345 /* RelayProfileViewController.swift in Sources */,
				55D55303292BAB340013FF5E /* MockRelay.swift in Sources */,
				B5687A69292C8BE40077E3F0 /* RelayOnboardingDataModel.swift in Sources */,
				32DE2B0629164291005D1A85 /* RelayWritingViewController.swift in Sources */,
				B533AB4B2918ACD100B73867 /* RelayAboutRelayViewController.swift in Sources */,
				73741CAB291D364C00E7F765 /* RelayAPI.swift in Sources */,
				73741CA7291D360500E7F765 /* APIConstants.swift in Sources */,
				73741CBD291D37A500E7F765 /* Recommend.swift in Sources */,
				32F8354029114F0E00E2CC4A /* RelayAgreementViewController.swift in Sources */,
				73741CBB291D379C00E7F765 /* User.swift in Sources */,
				B533AB5A291AA53D00B73867 /* RelayDeleteAccountViewController.swift in Sources */,
				55FDCEB7290ABB0C000AB345 /* RelayUserActivityCollectionViewCell.swift in Sources */,
				556F309B29117E1F005D7AF4 /* RelayListCollectionViewCell.swift in Sources */,
				32DA1B7F29123F7500C6FDC1 /* DetailViewController.swift in Sources */,
				B53444762980513B0064634E /* RelayListEmptyView.swift in Sources */,
				55D552FF292B9EA20013FF5E /* MockUser.swift in Sources */,
				55867E1D29142C6700C79FFC /* CategoryModalPresentationController.swift in Sources */,
				55745F3B291936ED00414462 /* RelayReadingFooterView.swift in Sources */,
				55745FC4291B7A5F00414462 /* RelayReadingWriteView.swift in Sources */,
				55867E1B2913AF0400C79FFC /* BrowsingTitleView.swift in Sources */,
				32F835362911008400E2CC4A /* Extension+UIButton.swift in Sources */,
				32DE2B15291A9DA3005D1A85 /* TouchCollectionViewCell.swift in Sources */,
				B533AB5E291AC52100B73867 /* RelayDeleteAccountAgreementView.swift in Sources */,
				3265BA2A290925DD00532CA4 /* AppDelegate.swift in Sources */,
				55D55305292C9D460013FF5E /* BGM.swift in Sources */,
				73741CAF291D366700E7F765 /* LoginAPI.swift in Sources */,
				73741CB1291D367500E7F765 /* RecommendAPI.swift in Sources */,
				55D55301292BA0480013FF5E /* MockStory.swift in Sources */,
				55867E1F2914E77100C79FFC /* RelayCategoryViewController.swift in Sources */,
				73741CB5291D369C00E7F765 /* AuthPlugin.swift in Sources */,
				73741CBF291D37AF00E7F765 /* Notice.swift in Sources */,
				73741CAD291D365B00E7F765 /* UserAPI.swift in Sources */,
				55867E192913AC8D00C79FFC /* RelayBrowsingHeaderView.swift in Sources */,
				73741CB9291D371100E7F765 /* Relay.swift in Sources */,
				55745FC6291B9B9F00414462 /* RelayReadingFinishFooterView.swift in Sources */,
				3212D6F82935EF1B0080F3E0 /* MockNotice.swift in Sources */,
				55745F3F2919446D00414462 /* ReadingBodyView.swift in Sources */,
				55867E1129128C7400C79FFC /* TabBarController.swift in Sources */,
				55745F3D2919442400414462 /* ReadingNoticeView.swift in Sources */,
				55FDCEB3290A6440000AB345 /* RelayProfileUserInfoView.swift in Sources */,
				556F309929103676005D7AF4 /* RelayListHeaderView.swift in Sources */,
				B5C0B5252914D8BA00077B5F /* RelaySettingViewController.swift in Sources */,
				321F591F291CE77700FEE6DD /* CardView.swift in Sources */,
				55867E152912B7DA00C79FFC /* Extension+UIColor.swift in Sources */,
				B533AB5C291AA5B300B73867 /* RelayDeleteAccountUserActivityView.swift in Sources */,
				32517E142913B733005E0F69 /* RelayAllReadyViewController.swift in Sources */,
				55FDCEB5290A711C000AB345 /* RelayProfileUserActivityView.swift in Sources */,
				55745FE2291CCBDC00414462 /* RelayMainViewController.swift in Sources */,
				55D552FD292B96810013FF5E /* MockRecommend.swift in Sources */,
				55745FC2291A3BF100414462 /* BodyCollectionViewCell.swift in Sources */,
				32DE2B13291A979D005D1A85 /* DividerView.swift in Sources */,
				B533AB522919FB8400B73867 /* RelayAboutRelayDescriptionView.swift in Sources */,
				B5C0B52B2916A9FA00077B5F /* RelaySettingTableViewCell.swift in Sources */,
				32464EB9291B99E400BDAB7C /* Extension+UIViewController.swift in Sources */,
				73741CB7291D370500E7F765 /* Story.swift in Sources */,
				73741CC429215A5800E7F765 /* AccountManager.swift in Sources */,
				55745FE3291CCBDC00414462 /* PageAnimationView.swift in Sources */,
				556F3093290FA59A005D7AF4 /* Extension+UILabel.swift in Sources */,
				55867E0C29123C8500C79FFC /* Extension+CALayer.swift in Sources */,
				556F309D29118823005D7AF4 /* BasePaddingLabel.swift in Sources */,
				B533AB64291C107200B73867 /* RelayPrivacyPolicyViewController.swift in Sources */,
				556F309729102F83005D7AF4 /* RelayListView.swift in Sources */,
				32DE2B0929190A7E005D1A85 /* WritingTitleView.swift in Sources */,
				556F3091290F9A09005D7AF4 /* RelayNonLoginView.swift in Sources */,
				3265BA2C290925DD00532CA4 /* SceneDelegate.swift in Sources */,
				3201622E2912A7950054803C /* RelayPenNameViewController.swift in Sources */,
				73741CA9291D363100E7F765 /* StoryAPI.swift in Sources */,
				329918A0290A5D8800372C13 /* RelayLoginViewController.swift in Sources */,
			);
			runOnlyForDeploymentPostprocessing = 0;
		};
/* End PBXSourcesBuildPhase section */

/* Begin PBXVariantGroup section */
		3265BA34290925DE00532CA4 /* LaunchScreen.storyboard */ = {
			isa = PBXVariantGroup;
			children = (
				3265BA35290925DE00532CA4 /* Base */,
			);
			name = LaunchScreen.storyboard;
			sourceTree = "<group>";
		};
/* End PBXVariantGroup section */

/* Begin XCBuildConfiguration section */
		3265BA38290925DE00532CA4 /* Debug */ = {
			isa = XCBuildConfiguration;
			buildSettings = {
				ALWAYS_SEARCH_USER_PATHS = NO;
				CLANG_ANALYZER_NONNULL = YES;
				CLANG_ANALYZER_NUMBER_OBJECT_CONVERSION = YES_AGGRESSIVE;
				CLANG_CXX_LANGUAGE_STANDARD = "gnu++20";
				CLANG_ENABLE_MODULES = YES;
				CLANG_ENABLE_OBJC_ARC = YES;
				CLANG_ENABLE_OBJC_WEAK = YES;
				CLANG_WARN_BLOCK_CAPTURE_AUTORELEASING = YES;
				CLANG_WARN_BOOL_CONVERSION = YES;
				CLANG_WARN_COMMA = YES;
				CLANG_WARN_CONSTANT_CONVERSION = YES;
				CLANG_WARN_DEPRECATED_OBJC_IMPLEMENTATIONS = YES;
				CLANG_WARN_DIRECT_OBJC_ISA_USAGE = YES_ERROR;
				CLANG_WARN_DOCUMENTATION_COMMENTS = YES;
				CLANG_WARN_EMPTY_BODY = YES;
				CLANG_WARN_ENUM_CONVERSION = YES;
				CLANG_WARN_INFINITE_RECURSION = YES;
				CLANG_WARN_INT_CONVERSION = YES;
				CLANG_WARN_NON_LITERAL_NULL_CONVERSION = YES;
				CLANG_WARN_OBJC_IMPLICIT_RETAIN_SELF = YES;
				CLANG_WARN_OBJC_LITERAL_CONVERSION = YES;
				CLANG_WARN_OBJC_ROOT_CLASS = YES_ERROR;
				CLANG_WARN_QUOTED_INCLUDE_IN_FRAMEWORK_HEADER = YES;
				CLANG_WARN_RANGE_LOOP_ANALYSIS = YES;
				CLANG_WARN_STRICT_PROTOTYPES = YES;
				CLANG_WARN_SUSPICIOUS_MOVE = YES;
				CLANG_WARN_UNGUARDED_AVAILABILITY = YES_AGGRESSIVE;
				CLANG_WARN_UNREACHABLE_CODE = YES;
				CLANG_WARN__DUPLICATE_METHOD_MATCH = YES;
				COPY_PHASE_STRIP = NO;
				DEBUG_INFORMATION_FORMAT = dwarf;
				ENABLE_STRICT_OBJC_MSGSEND = YES;
				ENABLE_TESTABILITY = YES;
				GCC_C_LANGUAGE_STANDARD = gnu11;
				GCC_DYNAMIC_NO_PIC = NO;
				GCC_NO_COMMON_BLOCKS = YES;
				GCC_OPTIMIZATION_LEVEL = 0;
				GCC_PREPROCESSOR_DEFINITIONS = (
					"DEBUG=1",
					"$(inherited)",
				);
				GCC_WARN_64_TO_32_BIT_CONVERSION = YES;
				GCC_WARN_ABOUT_RETURN_TYPE = YES_ERROR;
				GCC_WARN_UNDECLARED_SELECTOR = YES;
				GCC_WARN_UNINITIALIZED_AUTOS = YES_AGGRESSIVE;
				GCC_WARN_UNUSED_FUNCTION = YES;
				GCC_WARN_UNUSED_VARIABLE = YES;
				IPHONEOS_DEPLOYMENT_TARGET = 16.0;
				MTL_ENABLE_DEBUG_INFO = INCLUDE_SOURCE;
				MTL_FAST_MATH = YES;
				ONLY_ACTIVE_ARCH = YES;
				SDKROOT = iphoneos;
				SWIFT_ACTIVE_COMPILATION_CONDITIONS = DEBUG;
				SWIFT_OPTIMIZATION_LEVEL = "-Onone";
			};
			name = Debug;
		};
		3265BA39290925DE00532CA4 /* Release */ = {
			isa = XCBuildConfiguration;
			buildSettings = {
				ALWAYS_SEARCH_USER_PATHS = NO;
				CLANG_ANALYZER_NONNULL = YES;
				CLANG_ANALYZER_NUMBER_OBJECT_CONVERSION = YES_AGGRESSIVE;
				CLANG_CXX_LANGUAGE_STANDARD = "gnu++20";
				CLANG_ENABLE_MODULES = YES;
				CLANG_ENABLE_OBJC_ARC = YES;
				CLANG_ENABLE_OBJC_WEAK = YES;
				CLANG_WARN_BLOCK_CAPTURE_AUTORELEASING = YES;
				CLANG_WARN_BOOL_CONVERSION = YES;
				CLANG_WARN_COMMA = YES;
				CLANG_WARN_CONSTANT_CONVERSION = YES;
				CLANG_WARN_DEPRECATED_OBJC_IMPLEMENTATIONS = YES;
				CLANG_WARN_DIRECT_OBJC_ISA_USAGE = YES_ERROR;
				CLANG_WARN_DOCUMENTATION_COMMENTS = YES;
				CLANG_WARN_EMPTY_BODY = YES;
				CLANG_WARN_ENUM_CONVERSION = YES;
				CLANG_WARN_INFINITE_RECURSION = YES;
				CLANG_WARN_INT_CONVERSION = YES;
				CLANG_WARN_NON_LITERAL_NULL_CONVERSION = YES;
				CLANG_WARN_OBJC_IMPLICIT_RETAIN_SELF = YES;
				CLANG_WARN_OBJC_LITERAL_CONVERSION = YES;
				CLANG_WARN_OBJC_ROOT_CLASS = YES_ERROR;
				CLANG_WARN_QUOTED_INCLUDE_IN_FRAMEWORK_HEADER = YES;
				CLANG_WARN_RANGE_LOOP_ANALYSIS = YES;
				CLANG_WARN_STRICT_PROTOTYPES = YES;
				CLANG_WARN_SUSPICIOUS_MOVE = YES;
				CLANG_WARN_UNGUARDED_AVAILABILITY = YES_AGGRESSIVE;
				CLANG_WARN_UNREACHABLE_CODE = YES;
				CLANG_WARN__DUPLICATE_METHOD_MATCH = YES;
				COPY_PHASE_STRIP = NO;
				DEBUG_INFORMATION_FORMAT = "dwarf-with-dsym";
				ENABLE_NS_ASSERTIONS = NO;
				ENABLE_STRICT_OBJC_MSGSEND = YES;
				GCC_C_LANGUAGE_STANDARD = gnu11;
				GCC_NO_COMMON_BLOCKS = YES;
				GCC_WARN_64_TO_32_BIT_CONVERSION = YES;
				GCC_WARN_ABOUT_RETURN_TYPE = YES_ERROR;
				GCC_WARN_UNDECLARED_SELECTOR = YES;
				GCC_WARN_UNINITIALIZED_AUTOS = YES_AGGRESSIVE;
				GCC_WARN_UNUSED_FUNCTION = YES;
				GCC_WARN_UNUSED_VARIABLE = YES;
				IPHONEOS_DEPLOYMENT_TARGET = 16.0;
				MTL_ENABLE_DEBUG_INFO = NO;
				MTL_FAST_MATH = YES;
				SDKROOT = iphoneos;
				SWIFT_COMPILATION_MODE = wholemodule;
				SWIFT_OPTIMIZATION_LEVEL = "-O";
				VALIDATE_PRODUCT = YES;
			};
			name = Release;
		};
		3265BA3B290925DE00532CA4 /* Debug */ = {
			isa = XCBuildConfiguration;
			baseConfigurationReference = 862A1BB22438CA7E571849AE /* Pods-Relay.debug.xcconfig */;
			buildSettings = {
				ASSETCATALOG_COMPILER_APPICON_NAME = AppIcon;
				ASSETCATALOG_COMPILER_GLOBAL_ACCENT_COLOR_NAME = AccentColor;
				CODE_SIGN_ENTITLEMENTS = Relay/Relay.entitlements;
				"CODE_SIGN_IDENTITY[sdk=iphoneos*]" = "iPhone Developer";
				CODE_SIGN_STYLE = Manual;
				CURRENT_PROJECT_VERSION = 1;
				DEVELOPMENT_TEAM = "";
				"DEVELOPMENT_TEAM[sdk=iphoneos*]" = FRZRS5Y9L6;
				GENERATE_INFOPLIST_FILE = YES;
				INFOPLIST_FILE = Relay/Info.plist;
				INFOPLIST_KEY_UIApplicationSupportsIndirectInputEvents = YES;
				INFOPLIST_KEY_UILaunchStoryboardName = LaunchScreen.storyboard;
				INFOPLIST_KEY_UIMainStoryboardFile = "";
				INFOPLIST_KEY_UISupportedInterfaceOrientations_iPad = "UIInterfaceOrientationPortrait UIInterfaceOrientationPortraitUpsideDown UIInterfaceOrientationLandscapeLeft UIInterfaceOrientationLandscapeRight";
				INFOPLIST_KEY_UISupportedInterfaceOrientations_iPhone = "UIInterfaceOrientationPortrait UIInterfaceOrientationLandscapeLeft UIInterfaceOrientationLandscapeRight";
				IPHONEOS_DEPLOYMENT_TARGET = 16.0;
				LD_RUNPATH_SEARCH_PATHS = (
					"$(inherited)",
					"@executable_path/Frameworks",
				);
				MARKETING_VERSION = 1.0;
				PRODUCT_BUNDLE_IDENTIFIER = com.GoodGood;
				PRODUCT_NAME = "$(TARGET_NAME)";
				PROVISIONING_PROFILE_SPECIFIER = "";
				"PROVISIONING_PROFILE_SPECIFIER[sdk=iphoneos*]" = GoodGoodForDevelopment;
				SWIFT_EMIT_LOC_STRINGS = YES;
				SWIFT_VERSION = 5.0;
				TARGETED_DEVICE_FAMILY = "1,2";
			};
			name = Debug;
		};
		3265BA3C290925DE00532CA4 /* Release */ = {
			isa = XCBuildConfiguration;
			baseConfigurationReference = BB3686570FE66E0630031A1E /* Pods-Relay.release.xcconfig */;
			buildSettings = {
				ASSETCATALOG_COMPILER_APPICON_NAME = AppIcon;
				ASSETCATALOG_COMPILER_GLOBAL_ACCENT_COLOR_NAME = AccentColor;
				CODE_SIGN_ENTITLEMENTS = Relay/Relay.entitlements;
				"CODE_SIGN_IDENTITY[sdk=iphoneos*]" = "iPhone Developer";
				CODE_SIGN_STYLE = Manual;
				CURRENT_PROJECT_VERSION = 1;
				DEVELOPMENT_TEAM = "";
				"DEVELOPMENT_TEAM[sdk=iphoneos*]" = FRZRS5Y9L6;
				GENERATE_INFOPLIST_FILE = YES;
				INFOPLIST_FILE = Relay/Info.plist;
				INFOPLIST_KEY_UIApplicationSupportsIndirectInputEvents = YES;
				INFOPLIST_KEY_UILaunchStoryboardName = LaunchScreen.storyboard;
				INFOPLIST_KEY_UIMainStoryboardFile = "";
				INFOPLIST_KEY_UISupportedInterfaceOrientations_iPad = "UIInterfaceOrientationPortrait UIInterfaceOrientationPortraitUpsideDown UIInterfaceOrientationLandscapeLeft UIInterfaceOrientationLandscapeRight";
				INFOPLIST_KEY_UISupportedInterfaceOrientations_iPhone = "UIInterfaceOrientationPortrait UIInterfaceOrientationLandscapeLeft UIInterfaceOrientationLandscapeRight";
				IPHONEOS_DEPLOYMENT_TARGET = 16.0;
				LD_RUNPATH_SEARCH_PATHS = (
					"$(inherited)",
					"@executable_path/Frameworks",
				);
				MARKETING_VERSION = 1.0;
				PRODUCT_BUNDLE_IDENTIFIER = com.GoodGood;
				PRODUCT_NAME = "$(TARGET_NAME)";
				PROVISIONING_PROFILE_SPECIFIER = "";
				"PROVISIONING_PROFILE_SPECIFIER[sdk=iphoneos*]" = GoodGoodForDevelopment;
				SWIFT_EMIT_LOC_STRINGS = YES;
				SWIFT_VERSION = 5.0;
				TARGETED_DEVICE_FAMILY = "1,2";
			};
			name = Release;
		};
/* End XCBuildConfiguration section */

/* Begin XCConfigurationList section */
		3265BA21290925DD00532CA4 /* Build configuration list for PBXProject "Relay" */ = {
			isa = XCConfigurationList;
			buildConfigurations = (
				3265BA38290925DE00532CA4 /* Debug */,
				3265BA39290925DE00532CA4 /* Release */,
			);
			defaultConfigurationIsVisible = 0;
			defaultConfigurationName = Release;
		};
		3265BA3A290925DE00532CA4 /* Build configuration list for PBXNativeTarget "Relay" */ = {
			isa = XCConfigurationList;
			buildConfigurations = (
				3265BA3B290925DE00532CA4 /* Debug */,
				3265BA3C290925DE00532CA4 /* Release */,
			);
			defaultConfigurationIsVisible = 0;
			defaultConfigurationName = Release;
		};
/* End XCConfigurationList section */

/* Begin XCRemoteSwiftPackageReference section */
		32517E402913E25C005E0F69 /* XCRemoteSwiftPackageReference "SwiftUIPager" */ = {
			isa = XCRemoteSwiftPackageReference;
			repositoryURL = "https://github.com/fermoya/SwiftUIPager";
			requirement = {
				kind = upToNextMajorVersion;
				minimumVersion = 2.0.0;
			};
		};
		327138A42909284700592714 /* XCRemoteSwiftPackageReference "SnapKit" */ = {
			isa = XCRemoteSwiftPackageReference;
			repositoryURL = "https://github.com/SnapKit/SnapKit";
			requirement = {
				kind = upToNextMajorVersion;
				minimumVersion = 5.0.1;
			};
		};
/* End XCRemoteSwiftPackageReference section */

/* Begin XCSwiftPackageProductDependency section */
		32517E412913E25C005E0F69 /* SwiftUIPager */ = {
			isa = XCSwiftPackageProductDependency;
			package = 32517E402913E25C005E0F69 /* XCRemoteSwiftPackageReference "SwiftUIPager" */;
			productName = SwiftUIPager;
		};
		55FDCEAE290A5667000AB345 /* SnapKit */ = {
			isa = XCSwiftPackageProductDependency;
			package = 327138A42909284700592714 /* XCRemoteSwiftPackageReference "SnapKit" */;
			productName = SnapKit;
		};
/* End XCSwiftPackageProductDependency section */
	};
	rootObject = 3265BA1E290925DD00532CA4 /* Project object */;
}
